// !$*UTF8*$!
{
	archiveVersion = 1;
	classes = {
	};
	objectVersion = 46;
	objects = {

/* Begin PBXBuildFile section */
		1C8EC00569FE604833382644 /* Pods.framework in Frameworks */ = {isa = PBXBuildFile; fileRef = BE51359F71142430EEFFC50A /* Pods.framework */; settings = {ATTRIBUTES = (Weak, ); }; };
		200A18C31B64F48E00EC2A65 /* PillsStatsViewController.swift in Sources */ = {isa = PBXBuildFile; fileRef = 200A18C21B64F48E00EC2A65 /* PillsStatsViewController.swift */; };
		200A18C51B64F49A00EC2A65 /* MonthyViewController.swift in Sources */ = {isa = PBXBuildFile; fileRef = 200A18C41B64F49A00EC2A65 /* MonthyViewController.swift */; };
		200A18C71B64F4B800EC2A65 /* CachedStatistics.swift in Sources */ = {isa = PBXBuildFile; fileRef = 200A18C61B64F4B800EC2A65 /* CachedStatistics.swift */; };
		200A18C91B64F4C400EC2A65 /* MonthAdherenceCell.swift in Sources */ = {isa = PBXBuildFile; fileRef = 200A18C81B64F4C400EC2A65 /* MonthAdherenceCell.swift */; };
		200A18CB1B64F4FA00EC2A65 /* PickerProvider.swift in Sources */ = {isa = PBXBuildFile; fileRef = 200A18CA1B64F4FA00EC2A65 /* PickerProvider.swift */; };
		200A18CD1B64F50500EC2A65 /* MedicinePickerView.swift in Sources */ = {isa = PBXBuildFile; fileRef = 200A18CC1B64F50500EC2A65 /* MedicinePickerView.swift */; };
		200A18CF1B64F51300EC2A65 /* MedicinePickerViewTrip.swift in Sources */ = {isa = PBXBuildFile; fileRef = 200A18CE1B64F51300EC2A65 /* MedicinePickerViewTrip.swift */; };
		200A18D11B64F52000EC2A65 /* TimePickerViewer.swift in Sources */ = {isa = PBXBuildFile; fileRef = 200A18D01B64F52000EC2A65 /* TimePickerViewer.swift */; };
		200A18D31B64F54D00EC2A65 /* PCLocationPickerViewer.swift in Sources */ = {isa = PBXBuildFile; fileRef = 200A18D21B64F54D00EC2A65 /* PCLocationPickerViewer.swift */; };
		200A18D51B64F55F00EC2A65 /* InfoHubViewController.swift in Sources */ = {isa = PBXBuildFile; fileRef = 200A18D41B64F55F00EC2A65 /* InfoHubViewController.swift */; };
		200A18D71B64F58F00EC2A65 /* DailyStatsTableViewController.swift in Sources */ = {isa = PBXBuildFile; fileRef = 200A18D61B64F58F00EC2A65 /* DailyStatsTableViewController.swift */; };
		200A18D91B64F5A300EC2A65 /* DailyStatsCells.swift in Sources */ = {isa = PBXBuildFile; fileRef = 200A18D81B64F5A300EC2A65 /* DailyStatsCells.swift */; };
		200A18DB1B64F5C200EC2A65 /* DidTakePillsViewController.swift in Sources */ = {isa = PBXBuildFile; fileRef = 200A18DA1B64F5C200EC2A65 /* DidTakePillsViewController.swift */; };
		200A18DD1B64F5F300EC2A65 /* PlanTripViewController.swift in Sources */ = {isa = PBXBuildFile; fileRef = 200A18DC1B64F5F300EC2A65 /* PlanTripViewController.swift */; };
		200A18DF1B64F60200EC2A65 /* SetupScreenViewController.swift in Sources */ = {isa = PBXBuildFile; fileRef = 200A18DE1B64F60200EC2A65 /* SetupScreenViewController.swift */; };
		200A18E11B64F61000EC2A65 /* PostDetailedViewController.swift in Sources */ = {isa = PBXBuildFile; fileRef = 200A18E01B64F61000EC2A65 /* PostDetailedViewController.swift */; };
		200A18E31B64F61F00EC2A65 /* ListItemsViewController.swift in Sources */ = {isa = PBXBuildFile; fileRef = 200A18E21B64F61F00EC2A65 /* ListItemsViewController.swift */; };
		200A18EB1B64F6EA00EC2A65 /* UIStoryboard.swift in Sources */ = {isa = PBXBuildFile; fileRef = 200A18EA1B64F6EA00EC2A65 /* UIStoryboard.swift */; };
		200C72781B40368600998100 /* CollectionPostsEndpoint.swift in Sources */ = {isa = PBXBuildFile; fileRef = 200C721D1B40368600998100 /* CollectionPostsEndpoint.swift */; };
		200C727C1B40368600998100 /* Endpoint.swift in Sources */ = {isa = PBXBuildFile; fileRef = 200C721F1B40368600998100 /* Endpoint.swift */; };
		200C728A1B40368600998100 /* PostsEndpoint.swift in Sources */ = {isa = PBXBuildFile; fileRef = 200C72261B40368600998100 /* PostsEndpoint.swift */; };
		200C72981B40368600998100 /* EndpointType.swift in Sources */ = {isa = PBXBuildFile; fileRef = 200C722E1B40368600998100 /* EndpointType.swift */; };
		200C729E1B40368600998100 /* MedicineManager.swift in Sources */ = {isa = PBXBuildFile; fileRef = 200C72331B40368600998100 /* MedicineManager.swift */; };
		200C72A01B40368600998100 /* MedicineNotificationsManager.swift in Sources */ = {isa = PBXBuildFile; fileRef = 200C72341B40368600998100 /* MedicineNotificationsManager.swift */; };
		200C72A21B40368600998100 /* MedicineStats.swift in Sources */ = {isa = PBXBuildFile; fileRef = 200C72351B40368600998100 /* MedicineStats.swift */; };
		200C72A41B40368600998100 /* RegistriesManager.swift in Sources */ = {isa = PBXBuildFile; fileRef = 200C72361B40368600998100 /* RegistriesManager.swift */; };
		200C72A61B40368600998100 /* NotificationManager.swift in Sources */ = {isa = PBXBuildFile; fileRef = 200C72371B40368600998100 /* NotificationManager.swift */; };
		200C72A81B40368600998100 /* SyncManager.swift in Sources */ = {isa = PBXBuildFile; fileRef = 200C72381B40368600998100 /* SyncManager.swift */; };
		200C72AA1B40368600998100 /* ItemsManager.swift in Sources */ = {isa = PBXBuildFile; fileRef = 200C723A1B40368600998100 /* ItemsManager.swift */; };
		200C72AC1B40368600998100 /* TripNotificationsManager.swift in Sources */ = {isa = PBXBuildFile; fileRef = 200C723B1B40368600998100 /* TripNotificationsManager.swift */; };
		200C72AE1B40368600998100 /* TripsManager.swift in Sources */ = {isa = PBXBuildFile; fileRef = 200C723C1B40368600998100 /* TripsManager.swift */; };
		200C72B01B40368600998100 /* UserSettingsManager.swift in Sources */ = {isa = PBXBuildFile; fileRef = 200C723D1B40368600998100 /* UserSettingsManager.swift */; };
		200C72B41B40368600998100 /* Item.swift in Sources */ = {isa = PBXBuildFile; fileRef = 200C72401B40368600998100 /* Item.swift */; };
		200C72B61B40368600998100 /* ItemExtension.swift in Sources */ = {isa = PBXBuildFile; fileRef = 200C72411B40368600998100 /* ItemExtension.swift */; };
		200C72B81B40368600998100 /* Medicine.swift in Sources */ = {isa = PBXBuildFile; fileRef = 200C72421B40368600998100 /* Medicine.swift */; };
		200C72BA1B40368600998100 /* MedicineExtension.swift in Sources */ = {isa = PBXBuildFile; fileRef = 200C72431B40368600998100 /* MedicineExtension.swift */; };
		200C72BC1B40368600998100 /* Registry.swift in Sources */ = {isa = PBXBuildFile; fileRef = 200C72441B40368600998100 /* Registry.swift */; };
		200C72C21B40368600998100 /* CollectionPosts.swift in Sources */ = {isa = PBXBuildFile; fileRef = 200C72481B40368600998100 /* CollectionPosts.swift */; };
		200C72D21B40368600998100 /* Post.swift in Sources */ = {isa = PBXBuildFile; fileRef = 200C72501B40368600998100 /* Post.swift */; };
		200C72D41B40368600998100 /* Posts.swift in Sources */ = {isa = PBXBuildFile; fileRef = 200C72511B40368600998100 /* Posts.swift */; };
		200C72E61B40368600998100 /* Trip.swift in Sources */ = {isa = PBXBuildFile; fileRef = 200C725A1B40368600998100 /* Trip.swift */; };
		200C72E81B40368600998100 /* TripExtension.swift in Sources */ = {isa = PBXBuildFile; fileRef = 200C725B1B40368600998100 /* TripExtension.swift */; };
		200C72EA1B40368600998100 /* CoreDataHelper.swift in Sources */ = {isa = PBXBuildFile; fileRef = 200C725E1B40368600998100 /* CoreDataHelper.swift */; };
		200C72EC1B40368600998100 /* CoreDataStore.swift in Sources */ = {isa = PBXBuildFile; fileRef = 200C725F1B40368600998100 /* CoreDataStore.swift */; };
		200C72EE1B40368600998100 /* Int.swift in Sources */ = {isa = PBXBuildFile; fileRef = 200C72611B40368600998100 /* Int.swift */; };
		200C72F01B40368600998100 /* NSDate.swift in Sources */ = {isa = PBXBuildFile; fileRef = 200C72621B40368600998100 /* NSDate.swift */; };
		200C72F21B40368600998100 /* NSManagedObject.swift in Sources */ = {isa = PBXBuildFile; fileRef = 200C72631B40368600998100 /* NSManagedObject.swift */; };
		200C72F41B40368600998100 /* NSSet.swift in Sources */ = {isa = PBXBuildFile; fileRef = 200C72641B40368600998100 /* NSSet.swift */; };
		200C72F81B40368600998100 /* Logger.swift in Sources */ = {isa = PBXBuildFile; fileRef = 200C72661B40368600998100 /* Logger.swift */; };
		200C73061B40368600998100 /* PagesManagerViewController.swift in Sources */ = {isa = PBXBuildFile; fileRef = 200C726E1B40368600998100 /* PagesManagerViewController.swift */; };
		200C730F1B40370500998100 /* Info.plist in Resources */ = {isa = PBXBuildFile; fileRef = 200C730E1B40370500998100 /* Info.plist */; };
		200C73101B40370500998100 /* Info.plist in Resources */ = {isa = PBXBuildFile; fileRef = 200C730E1B40370500998100 /* Info.plist */; };
		200C73431B40392A00998100 /* ApiExamples in Resources */ = {isa = PBXBuildFile; fileRef = 200C73421B40392A00998100 /* ApiExamples */; };
		200C73441B40392A00998100 /* ApiExamples in Resources */ = {isa = PBXBuildFile; fileRef = 200C73421B40392A00998100 /* ApiExamples */; };
		200E93FF1B5BC42300E6DAC7 /* CircleProgressView.swift in Sources */ = {isa = PBXBuildFile; fileRef = 200E93FE1B5BC42300E6DAC7 /* CircleProgressView.swift */; };
		200EE48A1B1343A50087FB24 /* AppDelegate.swift in Sources */ = {isa = PBXBuildFile; fileRef = 200EE4891B1343A50087FB24 /* AppDelegate.swift */; };
		200EE48F1B1343A50087FB24 /* Main.storyboard in Resources */ = {isa = PBXBuildFile; fileRef = 200EE48D1B1343A50087FB24 /* Main.storyboard */; };
		200EE4941B1343A50087FB24 /* LaunchScreen.xib in Resources */ = {isa = PBXBuildFile; fileRef = 200EE4921B1343A50087FB24 /* LaunchScreen.xib */; };
		200EE4AF1B1349D40087FB24 /* ImagesAssets.xcassets in Resources */ = {isa = PBXBuildFile; fileRef = 200EE4AE1B1349D40087FB24 /* ImagesAssets.xcassets */; };
		200F22191B623B8D00C29404 /* Globals.swift in Sources */ = {isa = PBXBuildFile; fileRef = 200F22181B623B8D00C29404 /* Globals.swift */; };
		200F22231B628CAF00C29404 /* HorizontalGraphBar.swift in Sources */ = {isa = PBXBuildFile; fileRef = 200F22221B628CAF00C29404 /* HorizontalGraphBar.swift */; };
		200F22241B629C0A00C29404 /* TestMapping.swift in Sources */ = {isa = PBXBuildFile; fileRef = 20503CD21B3F497200ED490A /* TestMapping.swift */; };
		200F22251B629C0A00C29404 /* TestSyncManager.swift in Sources */ = {isa = PBXBuildFile; fileRef = 20F9945C1B3F649F00925FA1 /* TestSyncManager.swift */; };
		20246D151B4F1BA000384759 /* CoreDataManager.swift in Sources */ = {isa = PBXBuildFile; fileRef = 20246D141B4F1BA000384759 /* CoreDataManager.swift */; };
		20246D161B4F1D3200384759 /* TestPlanTrip.swift in Sources */ = {isa = PBXBuildFile; fileRef = 20E6DC3A1B38B53C0003B777 /* TestPlanTrip.swift */; };
		20246D191B4F1FAC00384759 /* TestContexts.swift in Sources */ = {isa = PBXBuildFile; fileRef = 20246D181B4F1FAC00384759 /* TestContexts.swift */; };
		20246D1A1B4F20C000384759 /* TestMedicineManager.swift in Sources */ = {isa = PBXBuildFile; fileRef = 208FE0871B42F1A400C5F447 /* TestMedicineManager.swift */; };
		20246D1B1B4F245300384759 /* TestMedicineRegistries.swift in Sources */ = {isa = PBXBuildFile; fileRef = 20EA07081B237D4900D6840E /* TestMedicineRegistries.swift */; };
		20246D1C1B4F278E00384759 /* TestDailyMedicineStatistics.swift in Sources */ = {isa = PBXBuildFile; fileRef = 20EA070A1B2394EB00D6840E /* TestDailyMedicineStatistics.swift */; };
		20246D1D1B4F284000384759 /* TestWeeklyMedicineStatistics.swift in Sources */ = {isa = PBXBuildFile; fileRef = 20C20FEE1B39D828007A7414 /* TestWeeklyMedicineStatistics.swift */; };
		20246D1E1B4F28BD00384759 /* TestUserSettings.swift in Sources */ = {isa = PBXBuildFile; fileRef = 200EE49F1B1343A60087FB24 /* TestUserSettings.swift */; };
		20246D1F1B4F28BF00384759 /* TestNSDateExtensions.swift in Sources */ = {isa = PBXBuildFile; fileRef = 20EA07061B23258900D6840E /* TestNSDateExtensions.swift */; };
		20246D201B4F29F700384759 /* TestNotifications.swift in Sources */ = {isa = PBXBuildFile; fileRef = 20EA070C1B23AD9F00D6840E /* TestNotifications.swift */; };
		20246D211B4F2C0D00384759 /* TestTimedInsertions.swift in Sources */ = {isa = PBXBuildFile; fileRef = 20EE2E451B28AC7900948240 /* TestTimedInsertions.swift */; };
		202E18431B5AFFB3007D5194 /* NSNotificationEvents.swift in Sources */ = {isa = PBXBuildFile; fileRef = 202E18421B5AFFB3007D5194 /* NSNotificationEvents.swift */; };
		203A40921B66A7BE00FCE4EE /* Settings.bundle in Resources */ = {isa = PBXBuildFile; fileRef = 203A40911B66A7BE00FCE4EE /* Settings.bundle */; };
		203F0B0F1B45B3B900826E06 /* TabbedBarController.swift in Sources */ = {isa = PBXBuildFile; fileRef = 203F0B0E1B45B3B900826E06 /* TabbedBarController.swift */; };
		203F0B111B45B68800826E06 /* UIColor.swift in Sources */ = {isa = PBXBuildFile; fileRef = 203F0B101B45B68700826E06 /* UIColor.swift */; };
		203F0B1C1B46EB9E00826E06 /* UIPickView.swift in Sources */ = {isa = PBXBuildFile; fileRef = 203F0B1B1B46EB9E00826E06 /* UIPickView.swift */; };
		206C0E9F1B6ABF2800772CB3 /* AutoCompleteTextField.swift in Sources */ = {isa = PBXBuildFile; fileRef = 206C0E9E1B6ABF2800772CB3 /* AutoCompleteTextField.swift */; };
		2095B8541B5A4AD200119896 /* CVAuxiliaryView.swift in Sources */ = {isa = PBXBuildFile; fileRef = 2095B8391B5A4AD200119896 /* CVAuxiliaryView.swift */; };
		2095B8551B5A4AD200119896 /* CVCalendarContentViewController.swift in Sources */ = {isa = PBXBuildFile; fileRef = 2095B83A1B5A4AD200119896 /* CVCalendarContentViewController.swift */; };
		2095B8561B5A4AD200119896 /* CVCalendarDayView.swift in Sources */ = {isa = PBXBuildFile; fileRef = 2095B83B1B5A4AD200119896 /* CVCalendarDayView.swift */; };
		2095B8571B5A4AD200119896 /* CVCalendarDayViewControlCoordinator.swift in Sources */ = {isa = PBXBuildFile; fileRef = 2095B83C1B5A4AD200119896 /* CVCalendarDayViewControlCoordinator.swift */; };
		2095B8581B5A4AD200119896 /* CVCalendarManager.swift in Sources */ = {isa = PBXBuildFile; fileRef = 2095B83D1B5A4AD200119896 /* CVCalendarManager.swift */; };
		2095B8591B5A4AD200119896 /* CVCalendarMenuView.swift in Sources */ = {isa = PBXBuildFile; fileRef = 2095B83E1B5A4AD200119896 /* CVCalendarMenuView.swift */; };
		2095B85A1B5A4AD200119896 /* CVCalendarMenuViewDelegate.swift in Sources */ = {isa = PBXBuildFile; fileRef = 2095B83F1B5A4AD200119896 /* CVCalendarMenuViewDelegate.swift */; };
		2095B85B1B5A4AD200119896 /* CVCalendarMonthContentViewController.swift in Sources */ = {isa = PBXBuildFile; fileRef = 2095B8401B5A4AD200119896 /* CVCalendarMonthContentViewController.swift */; };
		2095B85C1B5A4AD200119896 /* CVCalendarMonthView.swift in Sources */ = {isa = PBXBuildFile; fileRef = 2095B8411B5A4AD200119896 /* CVCalendarMonthView.swift */; };
		2095B85D1B5A4AD200119896 /* CVCalendarTouchController.swift in Sources */ = {isa = PBXBuildFile; fileRef = 2095B8421B5A4AD200119896 /* CVCalendarTouchController.swift */; };
		2095B85E1B5A4AD200119896 /* CVCalendarView.swift in Sources */ = {isa = PBXBuildFile; fileRef = 2095B8431B5A4AD200119896 /* CVCalendarView.swift */; };
		2095B85F1B5A4AD200119896 /* CVCalendarViewAnimator.swift in Sources */ = {isa = PBXBuildFile; fileRef = 2095B8441B5A4AD200119896 /* CVCalendarViewAnimator.swift */; };
		2095B8601B5A4AD200119896 /* CVCalendarViewAnimatorDelegate.swift in Sources */ = {isa = PBXBuildFile; fileRef = 2095B8451B5A4AD200119896 /* CVCalendarViewAnimatorDelegate.swift */; };
		2095B8611B5A4AD200119896 /* CVCalendarViewAppearance.swift in Sources */ = {isa = PBXBuildFile; fileRef = 2095B8461B5A4AD200119896 /* CVCalendarViewAppearance.swift */; };
		2095B8621B5A4AD200119896 /* CVCalendarViewAppearanceDelegate.swift in Sources */ = {isa = PBXBuildFile; fileRef = 2095B8471B5A4AD200119896 /* CVCalendarViewAppearanceDelegate.swift */; };
		2095B8631B5A4AD200119896 /* CVCalendarViewDelegate.swift in Sources */ = {isa = PBXBuildFile; fileRef = 2095B8481B5A4AD200119896 /* CVCalendarViewDelegate.swift */; };
		2095B8641B5A4AD200119896 /* CVCalendarViewPresentationMode.swift in Sources */ = {isa = PBXBuildFile; fileRef = 2095B8491B5A4AD200119896 /* CVCalendarViewPresentationMode.swift */; };
		2095B8651B5A4AD200119896 /* CVCalendarWeekContentViewController.swift in Sources */ = {isa = PBXBuildFile; fileRef = 2095B84A1B5A4AD200119896 /* CVCalendarWeekContentViewController.swift */; };
		2095B8661B5A4AD200119896 /* CVCalendarWeekday.swift in Sources */ = {isa = PBXBuildFile; fileRef = 2095B84B1B5A4AD200119896 /* CVCalendarWeekday.swift */; };
		2095B8671B5A4AD200119896 /* CVCalendarWeekView.swift in Sources */ = {isa = PBXBuildFile; fileRef = 2095B84C1B5A4AD200119896 /* CVCalendarWeekView.swift */; };
		2095B8681B5A4AD200119896 /* CVDate.swift in Sources */ = {isa = PBXBuildFile; fileRef = 2095B84D1B5A4AD200119896 /* CVDate.swift */; };
		2095B8691B5A4AD200119896 /* CVRange.swift in Sources */ = {isa = PBXBuildFile; fileRef = 2095B84E1B5A4AD200119896 /* CVRange.swift */; };
		2095B86A1B5A4AD200119896 /* CVScrollDirection.swift in Sources */ = {isa = PBXBuildFile; fileRef = 2095B84F1B5A4AD200119896 /* CVScrollDirection.swift */; };
		2095B86B1B5A4AD200119896 /* CVSelectionType.swift in Sources */ = {isa = PBXBuildFile; fileRef = 2095B8501B5A4AD200119896 /* CVSelectionType.swift */; };
		2095B86C1B5A4AD200119896 /* CVSet.swift in Sources */ = {isa = PBXBuildFile; fileRef = 2095B8511B5A4AD200119896 /* CVSet.swift */; };
		2095B86D1B5A4AD200119896 /* CVShape.swift in Sources */ = {isa = PBXBuildFile; fileRef = 2095B8521B5A4AD200119896 /* CVShape.swift */; };
		20C13EE01B5F990300D66C00 /* UIView.swift in Sources */ = {isa = PBXBuildFile; fileRef = 20C13EDF1B5F990300D66C00 /* UIView.swift */; };
		20C13EE61B5FA4DD00D66C00 /* UITabBarController.swift in Sources */ = {isa = PBXBuildFile; fileRef = 20C13EE51B5FA4DD00D66C00 /* UITabBarController.swift */; };
		20EA06DB1B2234DA00D6840E /* Model.xcdatamodeld in Sources */ = {isa = PBXBuildFile; fileRef = 20EA06D41B2234DA00D6840E /* Model.xcdatamodeld */; };
		2583765CD97747D49D98F0C8 /* Pods.framework in Frameworks */ = {isa = PBXBuildFile; fileRef = BE51359F71142430EEFFC50A /* Pods.framework */; settings = {ATTRIBUTES = (Weak, ); }; };
		5258A14277AFC3B571DB91E0 /* (null) in Frameworks */ = {isa = PBXBuildFile; };
/* End PBXBuildFile section */

/* Begin PBXContainerItemProxy section */
		200EE49A1B1343A60087FB24 /* PBXContainerItemProxy */ = {
			isa = PBXContainerItemProxy;
			containerPortal = 200EE47C1B1343A50087FB24 /* Project object */;
			proxyType = 1;
			remoteGlobalIDString = 200EE4831B1343A50087FB24;
			remoteInfo = "malaria-ios";
		};
/* End PBXContainerItemProxy section */

/* Begin PBXFileReference section */
		200A18C21B64F48E00EC2A65 /* PillsStatsViewController.swift */ = {isa = PBXFileReference; fileEncoding = 4; lastKnownFileType = sourcecode.swift; name = PillsStatsViewController.swift; path = PillStats/PillsStatsViewController.swift; sourceTree = "<group>"; };
		200A18C41B64F49A00EC2A65 /* MonthyViewController.swift */ = {isa = PBXFileReference; fileEncoding = 4; lastKnownFileType = sourcecode.swift; name = MonthyViewController.swift; path = PillStats/MonthyViewController.swift; sourceTree = "<group>"; };
		200A18C61B64F4B800EC2A65 /* CachedStatistics.swift */ = {isa = PBXFileReference; fileEncoding = 4; lastKnownFileType = sourcecode.swift; name = CachedStatistics.swift; path = SupportingFiles/CachedStatistics.swift; sourceTree = "<group>"; };
		200A18C81B64F4C400EC2A65 /* MonthAdherenceCell.swift */ = {isa = PBXFileReference; fileEncoding = 4; lastKnownFileType = sourcecode.swift; name = MonthAdherenceCell.swift; path = PillStats/MonthAdherenceCell.swift; sourceTree = "<group>"; };
		200A18CA1B64F4FA00EC2A65 /* PickerProvider.swift */ = {isa = PBXFileReference; fileEncoding = 4; lastKnownFileType = sourcecode.swift; name = PickerProvider.swift; path = SupportingFiles/ValuePickers/PickerProvider.swift; sourceTree = "<group>"; };
		200A18CC1B64F50500EC2A65 /* MedicinePickerView.swift */ = {isa = PBXFileReference; fileEncoding = 4; lastKnownFileType = sourcecode.swift; name = MedicinePickerView.swift; path = SupportingFiles/ValuePickers/MedicinePickerView.swift; sourceTree = "<group>"; };
		200A18CE1B64F51300EC2A65 /* MedicinePickerViewTrip.swift */ = {isa = PBXFileReference; fileEncoding = 4; lastKnownFileType = sourcecode.swift; name = MedicinePickerViewTrip.swift; path = SupportingFiles/ValuePickers/MedicinePickerViewTrip.swift; sourceTree = "<group>"; };
		200A18D01B64F52000EC2A65 /* TimePickerViewer.swift */ = {isa = PBXFileReference; fileEncoding = 4; lastKnownFileType = sourcecode.swift; name = TimePickerViewer.swift; path = SupportingFiles/ValuePickers/TimePickerViewer.swift; sourceTree = "<group>"; };
		200A18D21B64F54D00EC2A65 /* PCLocationPickerViewer.swift */ = {isa = PBXFileReference; fileEncoding = 4; lastKnownFileType = sourcecode.swift; name = PCLocationPickerViewer.swift; path = SupportingFiles/ValuePickers/PCLocationPickerViewer.swift; sourceTree = "<group>"; };
		200A18D41B64F55F00EC2A65 /* InfoHubViewController.swift */ = {isa = PBXFileReference; fileEncoding = 4; lastKnownFileType = sourcecode.swift; name = InfoHubViewController.swift; path = InfoHub/InfoHubViewController.swift; sourceTree = "<group>"; };
		200A18D61B64F58F00EC2A65 /* DailyStatsTableViewController.swift */ = {isa = PBXFileReference; fileEncoding = 4; lastKnownFileType = sourcecode.swift; name = DailyStatsTableViewController.swift; path = DailyStats/DailyStatsTableViewController.swift; sourceTree = "<group>"; };
		200A18D81B64F5A300EC2A65 /* DailyStatsCells.swift */ = {isa = PBXFileReference; fileEncoding = 4; lastKnownFileType = sourcecode.swift; name = DailyStatsCells.swift; path = DailyStats/DailyStatsCells.swift; sourceTree = "<group>"; };
		200A18DA1B64F5C200EC2A65 /* DidTakePillsViewController.swift */ = {isa = PBXFileReference; fileEncoding = 4; lastKnownFileType = sourcecode.swift; name = DidTakePillsViewController.swift; path = DidTakePill/DidTakePillsViewController.swift; sourceTree = "<group>"; };
		200A18DC1B64F5F300EC2A65 /* PlanTripViewController.swift */ = {isa = PBXFileReference; fileEncoding = 4; lastKnownFileType = sourcecode.swift; name = PlanTripViewController.swift; path = PlanTrip/PlanTripViewController.swift; sourceTree = "<group>"; };
		200A18DE1B64F60200EC2A65 /* SetupScreenViewController.swift */ = {isa = PBXFileReference; fileEncoding = 4; lastKnownFileType = sourcecode.swift; name = SetupScreenViewController.swift; path = SetupScreen/SetupScreenViewController.swift; sourceTree = "<group>"; };
		200A18E01B64F61000EC2A65 /* PostDetailedViewController.swift */ = {isa = PBXFileReference; fileEncoding = 4; lastKnownFileType = sourcecode.swift; name = PostDetailedViewController.swift; path = InfoHub/PostDetailedViewController.swift; sourceTree = "<group>"; };
		200A18E21B64F61F00EC2A65 /* ListItemsViewController.swift */ = {isa = PBXFileReference; fileEncoding = 4; lastKnownFileType = sourcecode.swift; name = ListItemsViewController.swift; path = PlanTrip/ListItemsViewController.swift; sourceTree = "<group>"; };
		200A18EA1B64F6EA00EC2A65 /* UIStoryboard.swift */ = {isa = PBXFileReference; fileEncoding = 4; lastKnownFileType = sourcecode.swift; path = UIStoryboard.swift; sourceTree = "<group>"; };
		200C71FF1B40348C00998100 /* bridging_header.h */ = {isa = PBXFileReference; fileEncoding = 4; lastKnownFileType = sourcecode.c.h; path = bridging_header.h; sourceTree = "<group>"; };
		200C721D1B40368600998100 /* CollectionPostsEndpoint.swift */ = {isa = PBXFileReference; fileEncoding = 4; lastKnownFileType = sourcecode.swift; path = CollectionPostsEndpoint.swift; sourceTree = "<group>"; };
		200C721F1B40368600998100 /* Endpoint.swift */ = {isa = PBXFileReference; fileEncoding = 4; lastKnownFileType = sourcecode.swift; path = Endpoint.swift; sourceTree = "<group>"; };
		200C72261B40368600998100 /* PostsEndpoint.swift */ = {isa = PBXFileReference; fileEncoding = 4; lastKnownFileType = sourcecode.swift; path = PostsEndpoint.swift; sourceTree = "<group>"; };
		200C722E1B40368600998100 /* EndpointType.swift */ = {isa = PBXFileReference; fileEncoding = 4; lastKnownFileType = sourcecode.swift; path = EndpointType.swift; sourceTree = "<group>"; };
		200C72331B40368600998100 /* MedicineManager.swift */ = {isa = PBXFileReference; fileEncoding = 4; lastKnownFileType = sourcecode.swift; path = MedicineManager.swift; sourceTree = "<group>"; };
		200C72341B40368600998100 /* MedicineNotificationsManager.swift */ = {isa = PBXFileReference; fileEncoding = 4; lastKnownFileType = sourcecode.swift; path = MedicineNotificationsManager.swift; sourceTree = "<group>"; };
		200C72351B40368600998100 /* MedicineStats.swift */ = {isa = PBXFileReference; fileEncoding = 4; lastKnownFileType = sourcecode.swift; path = MedicineStats.swift; sourceTree = "<group>"; };
		200C72361B40368600998100 /* RegistriesManager.swift */ = {isa = PBXFileReference; fileEncoding = 4; lastKnownFileType = sourcecode.swift; path = RegistriesManager.swift; sourceTree = "<group>"; };
		200C72371B40368600998100 /* NotificationManager.swift */ = {isa = PBXFileReference; fileEncoding = 4; lastKnownFileType = sourcecode.swift; path = NotificationManager.swift; sourceTree = "<group>"; };
		200C72381B40368600998100 /* SyncManager.swift */ = {isa = PBXFileReference; fileEncoding = 4; lastKnownFileType = sourcecode.swift; path = SyncManager.swift; sourceTree = "<group>"; };
		200C723A1B40368600998100 /* ItemsManager.swift */ = {isa = PBXFileReference; fileEncoding = 4; lastKnownFileType = sourcecode.swift; path = ItemsManager.swift; sourceTree = "<group>"; };
		200C723B1B40368600998100 /* TripNotificationsManager.swift */ = {isa = PBXFileReference; fileEncoding = 4; lastKnownFileType = sourcecode.swift; path = TripNotificationsManager.swift; sourceTree = "<group>"; };
		200C723C1B40368600998100 /* TripsManager.swift */ = {isa = PBXFileReference; fileEncoding = 4; lastKnownFileType = sourcecode.swift; path = TripsManager.swift; sourceTree = "<group>"; };
		200C723D1B40368600998100 /* UserSettingsManager.swift */ = {isa = PBXFileReference; fileEncoding = 4; lastKnownFileType = sourcecode.swift; path = UserSettingsManager.swift; sourceTree = "<group>"; };
		200C72401B40368600998100 /* Item.swift */ = {isa = PBXFileReference; fileEncoding = 4; lastKnownFileType = sourcecode.swift; path = Item.swift; sourceTree = "<group>"; };
		200C72411B40368600998100 /* ItemExtension.swift */ = {isa = PBXFileReference; fileEncoding = 4; lastKnownFileType = sourcecode.swift; path = ItemExtension.swift; sourceTree = "<group>"; };
		200C72421B40368600998100 /* Medicine.swift */ = {isa = PBXFileReference; fileEncoding = 4; lastKnownFileType = sourcecode.swift; path = Medicine.swift; sourceTree = "<group>"; };
		200C72431B40368600998100 /* MedicineExtension.swift */ = {isa = PBXFileReference; fileEncoding = 4; lastKnownFileType = sourcecode.swift; path = MedicineExtension.swift; sourceTree = "<group>"; };
		200C72441B40368600998100 /* Registry.swift */ = {isa = PBXFileReference; fileEncoding = 4; lastKnownFileType = sourcecode.swift; path = Registry.swift; sourceTree = "<group>"; };
		200C72481B40368600998100 /* CollectionPosts.swift */ = {isa = PBXFileReference; fileEncoding = 4; lastKnownFileType = sourcecode.swift; path = CollectionPosts.swift; sourceTree = "<group>"; };
		200C72501B40368600998100 /* Post.swift */ = {isa = PBXFileReference; fileEncoding = 4; lastKnownFileType = sourcecode.swift; path = Post.swift; sourceTree = "<group>"; };
		200C72511B40368600998100 /* Posts.swift */ = {isa = PBXFileReference; fileEncoding = 4; lastKnownFileType = sourcecode.swift; path = Posts.swift; sourceTree = "<group>"; };
		200C725A1B40368600998100 /* Trip.swift */ = {isa = PBXFileReference; fileEncoding = 4; lastKnownFileType = sourcecode.swift; path = Trip.swift; sourceTree = "<group>"; };
		200C725B1B40368600998100 /* TripExtension.swift */ = {isa = PBXFileReference; fileEncoding = 4; lastKnownFileType = sourcecode.swift; path = TripExtension.swift; sourceTree = "<group>"; };
		200C725E1B40368600998100 /* CoreDataHelper.swift */ = {isa = PBXFileReference; fileEncoding = 4; lastKnownFileType = sourcecode.swift; path = CoreDataHelper.swift; sourceTree = "<group>"; };
		200C725F1B40368600998100 /* CoreDataStore.swift */ = {isa = PBXFileReference; fileEncoding = 4; lastKnownFileType = sourcecode.swift; path = CoreDataStore.swift; sourceTree = "<group>"; };
		200C72611B40368600998100 /* Int.swift */ = {isa = PBXFileReference; fileEncoding = 4; lastKnownFileType = sourcecode.swift; path = Int.swift; sourceTree = "<group>"; };
		200C72621B40368600998100 /* NSDate.swift */ = {isa = PBXFileReference; fileEncoding = 4; lastKnownFileType = sourcecode.swift; path = NSDate.swift; sourceTree = "<group>"; };
		200C72631B40368600998100 /* NSManagedObject.swift */ = {isa = PBXFileReference; fileEncoding = 4; lastKnownFileType = sourcecode.swift; path = NSManagedObject.swift; sourceTree = "<group>"; };
		200C72641B40368600998100 /* NSSet.swift */ = {isa = PBXFileReference; fileEncoding = 4; lastKnownFileType = sourcecode.swift; path = NSSet.swift; sourceTree = "<group>"; };
		200C72661B40368600998100 /* Logger.swift */ = {isa = PBXFileReference; fileEncoding = 4; lastKnownFileType = sourcecode.swift; path = Logger.swift; sourceTree = "<group>"; };
		200C726E1B40368600998100 /* PagesManagerViewController.swift */ = {isa = PBXFileReference; fileEncoding = 4; lastKnownFileType = sourcecode.swift; path = PagesManagerViewController.swift; sourceTree = "<group>"; };
		200C730E1B40370500998100 /* Info.plist */ = {isa = PBXFileReference; fileEncoding = 4; lastKnownFileType = text.plist.xml; name = Info.plist; path = ViewControllers/Info.plist; sourceTree = "<group>"; };
		200C73421B40392A00998100 /* ApiExamples */ = {isa = PBXFileReference; lastKnownFileType = folder; path = ApiExamples; sourceTree = "<group>"; };
		200E93FE1B5BC42300E6DAC7 /* CircleProgressView.swift */ = {isa = PBXFileReference; fileEncoding = 4; lastKnownFileType = sourcecode.swift; name = CircleProgressView.swift; path = UIView/CircleProgressView.swift; sourceTree = "<group>"; };
		200EE4841B1343A50087FB24 /* malaria-ios.app */ = {isa = PBXFileReference; explicitFileType = wrapper.application; includeInIndex = 0; path = "malaria-ios.app"; sourceTree = BUILT_PRODUCTS_DIR; };
		200EE4891B1343A50087FB24 /* AppDelegate.swift */ = {isa = PBXFileReference; lastKnownFileType = sourcecode.swift; path = AppDelegate.swift; sourceTree = "<group>"; };
		200EE48E1B1343A50087FB24 /* Base */ = {isa = PBXFileReference; lastKnownFileType = file.storyboard; name = Base; path = Base.lproj/Main.storyboard; sourceTree = "<group>"; };
		200EE4931B1343A50087FB24 /* Base */ = {isa = PBXFileReference; lastKnownFileType = file.xib; name = Base; path = Base.lproj/LaunchScreen.xib; sourceTree = "<group>"; };
		200EE4991B1343A60087FB24 /* malaria-iosTests.xctest */ = {isa = PBXFileReference; explicitFileType = wrapper.cfbundle; includeInIndex = 0; path = "malaria-iosTests.xctest"; sourceTree = BUILT_PRODUCTS_DIR; };
		200EE49E1B1343A60087FB24 /* Info.plist */ = {isa = PBXFileReference; lastKnownFileType = text.plist.xml; path = Info.plist; sourceTree = "<group>"; };
		200EE49F1B1343A60087FB24 /* TestUserSettings.swift */ = {isa = PBXFileReference; lastKnownFileType = sourcecode.swift; path = TestUserSettings.swift; sourceTree = "<group>"; };
		200EE4AE1B1349D40087FB24 /* ImagesAssets.xcassets */ = {isa = PBXFileReference; lastKnownFileType = folder.assetcatalog; path = ImagesAssets.xcassets; sourceTree = "<group>"; };
		200F22171B6234F700C29404 /* Model6.xcdatamodel */ = {isa = PBXFileReference; lastKnownFileType = wrapper.xcdatamodel; path = Model6.xcdatamodel; sourceTree = "<group>"; };
		200F22181B623B8D00C29404 /* Globals.swift */ = {isa = PBXFileReference; fileEncoding = 4; lastKnownFileType = sourcecode.swift; path = Globals.swift; sourceTree = "<group>"; };
		200F22221B628CAF00C29404 /* HorizontalGraphBar.swift */ = {isa = PBXFileReference; fileEncoding = 4; lastKnownFileType = sourcecode.swift; name = HorizontalGraphBar.swift; path = UIView/HorizontalGraphBar.swift; sourceTree = "<group>"; };
		20246D141B4F1BA000384759 /* CoreDataManager.swift */ = {isa = PBXFileReference; fileEncoding = 4; lastKnownFileType = sourcecode.swift; path = CoreDataManager.swift; sourceTree = "<group>"; };
		20246D181B4F1FAC00384759 /* TestContexts.swift */ = {isa = PBXFileReference; fileEncoding = 4; lastKnownFileType = sourcecode.swift; path = TestContexts.swift; sourceTree = "<group>"; };
		20246D241B53241F00384759 /* Model 2.xcdatamodel */ = {isa = PBXFileReference; lastKnownFileType = wrapper.xcdatamodel; path = "Model 2.xcdatamodel"; sourceTree = "<group>"; };
		20246D251B5327BD00384759 /* Model 3.xcdatamodel */ = {isa = PBXFileReference; lastKnownFileType = wrapper.xcdatamodel; path = "Model 3.xcdatamodel"; sourceTree = "<group>"; };
		20246D2B1B53339900384759 /* Modelv4.xcdatamodel */ = {isa = PBXFileReference; lastKnownFileType = wrapper.xcdatamodel; path = Modelv4.xcdatamodel; sourceTree = "<group>"; };
		202E18421B5AFFB3007D5194 /* NSNotificationEvents.swift */ = {isa = PBXFileReference; fileEncoding = 4; lastKnownFileType = sourcecode.swift; path = NSNotificationEvents.swift; sourceTree = "<group>"; };
		203A40911B66A7BE00FCE4EE /* Settings.bundle */ = {isa = PBXFileReference; lastKnownFileType = "wrapper.plug-in"; name = Settings.bundle; path = SettingsBundle/Settings.bundle; sourceTree = "<group>"; };
		203F0B0E1B45B3B900826E06 /* TabbedBarController.swift */ = {isa = PBXFileReference; fileEncoding = 4; lastKnownFileType = sourcecode.swift; path = TabbedBarController.swift; sourceTree = "<group>"; };
		203F0B101B45B68700826E06 /* UIColor.swift */ = {isa = PBXFileReference; fileEncoding = 4; lastKnownFileType = sourcecode.swift; path = UIColor.swift; sourceTree = "<group>"; };
		203F0B1B1B46EB9E00826E06 /* UIPickView.swift */ = {isa = PBXFileReference; fileEncoding = 4; lastKnownFileType = sourcecode.swift; path = UIPickView.swift; sourceTree = "<group>"; };
		20503CD21B3F497200ED490A /* TestMapping.swift */ = {isa = PBXFileReference; fileEncoding = 4; lastKnownFileType = sourcecode.swift; path = TestMapping.swift; sourceTree = "<group>"; };
		206C0E9E1B6ABF2800772CB3 /* AutoCompleteTextField.swift */ = {isa = PBXFileReference; fileEncoding = 4; lastKnownFileType = sourcecode.swift; path = AutoCompleteTextField.swift; sourceTree = "<group>"; };
		208FE0871B42F1A400C5F447 /* TestMedicineManager.swift */ = {isa = PBXFileReference; fileEncoding = 4; lastKnownFileType = sourcecode.swift; path = TestMedicineManager.swift; sourceTree = "<group>"; };
		2095B8391B5A4AD200119896 /* CVAuxiliaryView.swift */ = {isa = PBXFileReference; fileEncoding = 4; lastKnownFileType = sourcecode.swift; path = CVAuxiliaryView.swift; sourceTree = "<group>"; };
		2095B83A1B5A4AD200119896 /* CVCalendarContentViewController.swift */ = {isa = PBXFileReference; fileEncoding = 4; lastKnownFileType = sourcecode.swift; path = CVCalendarContentViewController.swift; sourceTree = "<group>"; };
		2095B83B1B5A4AD200119896 /* CVCalendarDayView.swift */ = {isa = PBXFileReference; fileEncoding = 4; lastKnownFileType = sourcecode.swift; path = CVCalendarDayView.swift; sourceTree = "<group>"; };
		2095B83C1B5A4AD200119896 /* CVCalendarDayViewControlCoordinator.swift */ = {isa = PBXFileReference; fileEncoding = 4; lastKnownFileType = sourcecode.swift; path = CVCalendarDayViewControlCoordinator.swift; sourceTree = "<group>"; };
		2095B83D1B5A4AD200119896 /* CVCalendarManager.swift */ = {isa = PBXFileReference; fileEncoding = 4; lastKnownFileType = sourcecode.swift; path = CVCalendarManager.swift; sourceTree = "<group>"; };
		2095B83E1B5A4AD200119896 /* CVCalendarMenuView.swift */ = {isa = PBXFileReference; fileEncoding = 4; lastKnownFileType = sourcecode.swift; path = CVCalendarMenuView.swift; sourceTree = "<group>"; };
		2095B83F1B5A4AD200119896 /* CVCalendarMenuViewDelegate.swift */ = {isa = PBXFileReference; fileEncoding = 4; lastKnownFileType = sourcecode.swift; path = CVCalendarMenuViewDelegate.swift; sourceTree = "<group>"; };
		2095B8401B5A4AD200119896 /* CVCalendarMonthContentViewController.swift */ = {isa = PBXFileReference; fileEncoding = 4; lastKnownFileType = sourcecode.swift; path = CVCalendarMonthContentViewController.swift; sourceTree = "<group>"; };
		2095B8411B5A4AD200119896 /* CVCalendarMonthView.swift */ = {isa = PBXFileReference; fileEncoding = 4; lastKnownFileType = sourcecode.swift; path = CVCalendarMonthView.swift; sourceTree = "<group>"; };
		2095B8421B5A4AD200119896 /* CVCalendarTouchController.swift */ = {isa = PBXFileReference; fileEncoding = 4; lastKnownFileType = sourcecode.swift; path = CVCalendarTouchController.swift; sourceTree = "<group>"; };
		2095B8431B5A4AD200119896 /* CVCalendarView.swift */ = {isa = PBXFileReference; fileEncoding = 4; lastKnownFileType = sourcecode.swift; path = CVCalendarView.swift; sourceTree = "<group>"; };
		2095B8441B5A4AD200119896 /* CVCalendarViewAnimator.swift */ = {isa = PBXFileReference; fileEncoding = 4; lastKnownFileType = sourcecode.swift; path = CVCalendarViewAnimator.swift; sourceTree = "<group>"; };
		2095B8451B5A4AD200119896 /* CVCalendarViewAnimatorDelegate.swift */ = {isa = PBXFileReference; fileEncoding = 4; lastKnownFileType = sourcecode.swift; path = CVCalendarViewAnimatorDelegate.swift; sourceTree = "<group>"; };
		2095B8461B5A4AD200119896 /* CVCalendarViewAppearance.swift */ = {isa = PBXFileReference; fileEncoding = 4; lastKnownFileType = sourcecode.swift; path = CVCalendarViewAppearance.swift; sourceTree = "<group>"; };
		2095B8471B5A4AD200119896 /* CVCalendarViewAppearanceDelegate.swift */ = {isa = PBXFileReference; fileEncoding = 4; lastKnownFileType = sourcecode.swift; path = CVCalendarViewAppearanceDelegate.swift; sourceTree = "<group>"; };
		2095B8481B5A4AD200119896 /* CVCalendarViewDelegate.swift */ = {isa = PBXFileReference; fileEncoding = 4; lastKnownFileType = sourcecode.swift; path = CVCalendarViewDelegate.swift; sourceTree = "<group>"; };
		2095B8491B5A4AD200119896 /* CVCalendarViewPresentationMode.swift */ = {isa = PBXFileReference; fileEncoding = 4; lastKnownFileType = sourcecode.swift; path = CVCalendarViewPresentationMode.swift; sourceTree = "<group>"; };
		2095B84A1B5A4AD200119896 /* CVCalendarWeekContentViewController.swift */ = {isa = PBXFileReference; fileEncoding = 4; lastKnownFileType = sourcecode.swift; path = CVCalendarWeekContentViewController.swift; sourceTree = "<group>"; };
		2095B84B1B5A4AD200119896 /* CVCalendarWeekday.swift */ = {isa = PBXFileReference; fileEncoding = 4; lastKnownFileType = sourcecode.swift; path = CVCalendarWeekday.swift; sourceTree = "<group>"; };
		2095B84C1B5A4AD200119896 /* CVCalendarWeekView.swift */ = {isa = PBXFileReference; fileEncoding = 4; lastKnownFileType = sourcecode.swift; path = CVCalendarWeekView.swift; sourceTree = "<group>"; };
		2095B84D1B5A4AD200119896 /* CVDate.swift */ = {isa = PBXFileReference; fileEncoding = 4; lastKnownFileType = sourcecode.swift; path = CVDate.swift; sourceTree = "<group>"; };
		2095B84E1B5A4AD200119896 /* CVRange.swift */ = {isa = PBXFileReference; fileEncoding = 4; lastKnownFileType = sourcecode.swift; path = CVRange.swift; sourceTree = "<group>"; };
		2095B84F1B5A4AD200119896 /* CVScrollDirection.swift */ = {isa = PBXFileReference; fileEncoding = 4; lastKnownFileType = sourcecode.swift; path = CVScrollDirection.swift; sourceTree = "<group>"; };
		2095B8501B5A4AD200119896 /* CVSelectionType.swift */ = {isa = PBXFileReference; fileEncoding = 4; lastKnownFileType = sourcecode.swift; path = CVSelectionType.swift; sourceTree = "<group>"; };
		2095B8511B5A4AD200119896 /* CVSet.swift */ = {isa = PBXFileReference; fileEncoding = 4; lastKnownFileType = sourcecode.swift; path = CVSet.swift; sourceTree = "<group>"; };
		2095B8521B5A4AD200119896 /* CVShape.swift */ = {isa = PBXFileReference; fileEncoding = 4; lastKnownFileType = sourcecode.swift; path = CVShape.swift; sourceTree = "<group>"; };
		20ABA5AF1B697DFA00F18F39 /* Model7.xcdatamodel */ = {isa = PBXFileReference; lastKnownFileType = wrapper.xcdatamodel; path = Model7.xcdatamodel; sourceTree = "<group>"; };
		20C13EDE1B5E561F00D66C00 /* ModelV5Cached.xcdatamodel */ = {isa = PBXFileReference; lastKnownFileType = wrapper.xcdatamodel; path = ModelV5Cached.xcdatamodel; sourceTree = "<group>"; };
		20C13EDF1B5F990300D66C00 /* UIView.swift */ = {isa = PBXFileReference; fileEncoding = 4; lastKnownFileType = sourcecode.swift; path = UIView.swift; sourceTree = "<group>"; };
		20C13EE51B5FA4DD00D66C00 /* UITabBarController.swift */ = {isa = PBXFileReference; fileEncoding = 4; lastKnownFileType = sourcecode.swift; path = UITabBarController.swift; sourceTree = "<group>"; };
		20C20FEE1B39D828007A7414 /* TestWeeklyMedicineStatistics.swift */ = {isa = PBXFileReference; fileEncoding = 4; lastKnownFileType = sourcecode.swift; path = TestWeeklyMedicineStatistics.swift; sourceTree = "<group>"; };
		20E6DC3A1B38B53C0003B777 /* TestPlanTrip.swift */ = {isa = PBXFileReference; fileEncoding = 4; lastKnownFileType = sourcecode.swift; path = TestPlanTrip.swift; sourceTree = "<group>"; };
		20EA06D51B2234DA00D6840E /* Model.xcdatamodel */ = {isa = PBXFileReference; lastKnownFileType = wrapper.xcdatamodel; path = Model.xcdatamodel; sourceTree = "<group>"; };
		20EA07061B23258900D6840E /* TestNSDateExtensions.swift */ = {isa = PBXFileReference; fileEncoding = 4; lastKnownFileType = sourcecode.swift; path = TestNSDateExtensions.swift; sourceTree = "<group>"; };
		20EA07081B237D4900D6840E /* TestMedicineRegistries.swift */ = {isa = PBXFileReference; fileEncoding = 4; lastKnownFileType = sourcecode.swift; path = TestMedicineRegistries.swift; sourceTree = "<group>"; };
		20EA070A1B2394EB00D6840E /* TestDailyMedicineStatistics.swift */ = {isa = PBXFileReference; fileEncoding = 4; lastKnownFileType = sourcecode.swift; path = TestDailyMedicineStatistics.swift; sourceTree = "<group>"; };
		20EA070C1B23AD9F00D6840E /* TestNotifications.swift */ = {isa = PBXFileReference; fileEncoding = 4; lastKnownFileType = sourcecode.swift; path = TestNotifications.swift; sourceTree = "<group>"; };
		20EE2E451B28AC7900948240 /* TestTimedInsertions.swift */ = {isa = PBXFileReference; fileEncoding = 4; lastKnownFileType = sourcecode.swift; path = TestTimedInsertions.swift; sourceTree = "<group>"; };
		20F9945C1B3F649F00925FA1 /* TestSyncManager.swift */ = {isa = PBXFileReference; fileEncoding = 4; lastKnownFileType = sourcecode.swift; path = TestSyncManager.swift; sourceTree = "<group>"; };
		67AE5C8ADFA45BFBD2B8F09D /* Pods.debug.xcconfig */ = {isa = PBXFileReference; includeInIndex = 1; lastKnownFileType = text.xcconfig; name = Pods.debug.xcconfig; path = "Pods/Target Support Files/Pods/Pods.debug.xcconfig"; sourceTree = "<group>"; };
		A4DE863BDDB7DAB1E7ED688C /* Pods.release.xcconfig */ = {isa = PBXFileReference; includeInIndex = 1; lastKnownFileType = text.xcconfig; name = Pods.release.xcconfig; path = "Pods/Target Support Files/Pods/Pods.release.xcconfig"; sourceTree = "<group>"; };
		BE51359F71142430EEFFC50A /* Pods.framework */ = {isa = PBXFileReference; explicitFileType = wrapper.framework; includeInIndex = 0; path = Pods.framework; sourceTree = BUILT_PRODUCTS_DIR; };
/* End PBXFileReference section */

/* Begin PBXFrameworksBuildPhase section */
		200EE4811B1343A50087FB24 /* Frameworks */ = {
			isa = PBXFrameworksBuildPhase;
			buildActionMask = 2147483647;
			files = (
				2583765CD97747D49D98F0C8 /* Pods.framework in Frameworks */,
			);
			runOnlyForDeploymentPostprocessing = 0;
		};
		200EE4961B1343A60087FB24 /* Frameworks */ = {
			isa = PBXFrameworksBuildPhase;
			buildActionMask = 2147483647;
			files = (
				5258A14277AFC3B571DB91E0 /* (null) in Frameworks */,
				1C8EC00569FE604833382644 /* Pods.framework in Frameworks */,
			);
			runOnlyForDeploymentPostprocessing = 0;
		};
/* End PBXFrameworksBuildPhase section */

/* Begin PBXGroup section */
		200A18E41B64F62B00EC2A65 /* DailyStats */ = {
			isa = PBXGroup;
			children = (
				200A18D61B64F58F00EC2A65 /* DailyStatsTableViewController.swift */,
				200A18D81B64F5A300EC2A65 /* DailyStatsCells.swift */,
			);
			name = DailyStats;
			sourceTree = "<group>";
		};
		200A18E51B64F64200EC2A65 /* DidTakePill */ = {
			isa = PBXGroup;
			children = (
				200A18DA1B64F5C200EC2A65 /* DidTakePillsViewController.swift */,
			);
			name = DidTakePill;
			sourceTree = "<group>";
		};
		200A18E61B64F65A00EC2A65 /* PlanTrip */ = {
			isa = PBXGroup;
			children = (
				200A18DC1B64F5F300EC2A65 /* PlanTripViewController.swift */,
				200A18E21B64F61F00EC2A65 /* ListItemsViewController.swift */,
			);
			name = PlanTrip;
			sourceTree = "<group>";
		};
		200A18E71B64F66100EC2A65 /* SetupScreen */ = {
			isa = PBXGroup;
			children = (
				200A18DE1B64F60200EC2A65 /* SetupScreenViewController.swift */,
			);
			name = SetupScreen;
			sourceTree = "<group>";
		};
		200A18E81B64F66D00EC2A65 /* InfoHub */ = {
			isa = PBXGroup;
			children = (
				200A18D41B64F55F00EC2A65 /* InfoHubViewController.swift */,
				200A18E01B64F61000EC2A65 /* PostDetailedViewController.swift */,
			);
			name = InfoHub;
			sourceTree = "<group>";
		};
		200A18E91B64F6BC00EC2A65 /* SupportingFiles */ = {
			isa = PBXGroup;
			children = (
				203F0B251B481CB900826E06 /* ValuePickers */,
				200A18C61B64F4B800EC2A65 /* CachedStatistics.swift */,
			);
			name = SupportingFiles;
			sourceTree = "<group>";
		};
		200C72181B40368600998100 /* Endpoints */ = {
			isa = PBXGroup;
			children = (
				200C721D1B40368600998100 /* CollectionPostsEndpoint.swift */,
				200C721F1B40368600998100 /* Endpoint.swift */,
				200C72261B40368600998100 /* PostsEndpoint.swift */,
			);
			path = Endpoints;
			sourceTree = "<group>";
		};
		200C722D1B40368600998100 /* Information */ = {
			isa = PBXGroup;
			children = (
				200C722E1B40368600998100 /* EndpointType.swift */,
			);
			path = Information;
			sourceTree = "<group>";
		};
		200C72311B40368600998100 /* Managers */ = {
			isa = PBXGroup;
			children = (
				200C72391B40368600998100 /* TripHelpers */,
				200C72321B40368600998100 /* MedicineHelpers */,
				200C72371B40368600998100 /* NotificationManager.swift */,
				200C72381B40368600998100 /* SyncManager.swift */,
				200C723D1B40368600998100 /* UserSettingsManager.swift */,
				20246D141B4F1BA000384759 /* CoreDataManager.swift */,
			);
			path = Managers;
			sourceTree = "<group>";
		};
		200C72321B40368600998100 /* MedicineHelpers */ = {
			isa = PBXGroup;
			children = (
				200C72331B40368600998100 /* MedicineManager.swift */,
				200C72341B40368600998100 /* MedicineNotificationsManager.swift */,
				200C72351B40368600998100 /* MedicineStats.swift */,
				200C72361B40368600998100 /* RegistriesManager.swift */,
			);
			path = MedicineHelpers;
			sourceTree = "<group>";
		};
		200C72391B40368600998100 /* TripHelpers */ = {
			isa = PBXGroup;
			children = (
				200C723A1B40368600998100 /* ItemsManager.swift */,
				200C723B1B40368600998100 /* TripNotificationsManager.swift */,
				200C723C1B40368600998100 /* TripsManager.swift */,
			);
			path = TripHelpers;
			sourceTree = "<group>";
		};
		200C723E1B40368600998100 /* NSManagedObjects */ = {
			isa = PBXGroup;
			children = (
				200C72451B40368600998100 /* RestAPI */,
				200C72401B40368600998100 /* Item.swift */,
				200C72411B40368600998100 /* ItemExtension.swift */,
				200C72421B40368600998100 /* Medicine.swift */,
				200C72431B40368600998100 /* MedicineExtension.swift */,
				200C72441B40368600998100 /* Registry.swift */,
				200C725A1B40368600998100 /* Trip.swift */,
				200C725B1B40368600998100 /* TripExtension.swift */,
			);
			path = NSManagedObjects;
			sourceTree = "<group>";
		};
		200C72451B40368600998100 /* RestAPI */ = {
			isa = PBXGroup;
			children = (
				200C72481B40368600998100 /* CollectionPosts.swift */,
				200C72501B40368600998100 /* Post.swift */,
				200C72511B40368600998100 /* Posts.swift */,
			);
			path = RestAPI;
			sourceTree = "<group>";
		};
		200C725C1B40368600998100 /* SupportingFiles */ = {
			isa = PBXGroup;
			children = (
				206C0EA01B6ABF2D00772CB3 /* ExternalAutocomplete */,
				200E93FB1B5B2E5C00E6DAC7 /* UIViews */,
				2095B8531B5A4AD200119896 /* ExternalCVCalendar */,
				200C725D1B40368600998100 /* CoreData */,
				200C72601B40368600998100 /* Extensions */,
				200C72661B40368600998100 /* Logger.swift */,
				202E18421B5AFFB3007D5194 /* NSNotificationEvents.swift */,
				203A40911B66A7BE00FCE4EE /* Settings.bundle */,
			);
			path = SupportingFiles;
			sourceTree = "<group>";
		};
		200C725D1B40368600998100 /* CoreData */ = {
			isa = PBXGroup;
			children = (
				200C725E1B40368600998100 /* CoreDataHelper.swift */,
				200C725F1B40368600998100 /* CoreDataStore.swift */,
			);
			path = CoreData;
			sourceTree = "<group>";
		};
		200C72601B40368600998100 /* Extensions */ = {
			isa = PBXGroup;
			children = (
				200C72611B40368600998100 /* Int.swift */,
				200C72621B40368600998100 /* NSDate.swift */,
				200C72631B40368600998100 /* NSManagedObject.swift */,
				200A18EA1B64F6EA00EC2A65 /* UIStoryboard.swift */,
				200C72641B40368600998100 /* NSSet.swift */,
				203F0B101B45B68700826E06 /* UIColor.swift */,
				203F0B1B1B46EB9E00826E06 /* UIPickView.swift */,
				20C13EDF1B5F990300D66C00 /* UIView.swift */,
				20C13EE51B5FA4DD00D66C00 /* UITabBarController.swift */,
				200F22181B623B8D00C29404 /* Globals.swift */,
			);
			path = Extensions;
			sourceTree = "<group>";
		};
		200C72681B40368600998100 /* ViewControllers */ = {
			isa = PBXGroup;
			children = (
				200A18E91B64F6BC00EC2A65 /* SupportingFiles */,
				200A18E71B64F66100EC2A65 /* SetupScreen */,
				200A18E51B64F64200EC2A65 /* DidTakePill */,
				200A18E41B64F62B00EC2A65 /* DailyStats */,
				2095B8701B5A4B8500119896 /* PillStats */,
				200A18E61B64F65A00EC2A65 /* PlanTrip */,
				200A18E81B64F66D00EC2A65 /* InfoHub */,
				200C726E1B40368600998100 /* PagesManagerViewController.swift */,
				203F0B0E1B45B3B900826E06 /* TabbedBarController.swift */,
			);
			path = ViewControllers;
			sourceTree = "<group>";
		};
		200E93FB1B5B2E5C00E6DAC7 /* UIViews */ = {
			isa = PBXGroup;
			children = (
				200E93FE1B5BC42300E6DAC7 /* CircleProgressView.swift */,
				200F22221B628CAF00C29404 /* HorizontalGraphBar.swift */,
			);
			name = UIViews;
			sourceTree = "<group>";
		};
		200EE47B1B1343A50087FB24 = {
			isa = PBXGroup;
			children = (
				200EE4861B1343A50087FB24 /* malaria-ios */,
				200EE49C1B1343A60087FB24 /* malaria-iosTests */,
				200EE4851B1343A50087FB24 /* Products */,
				C3160C97150C507D61AF9074 /* Pods */,
				C53F0C2A2C26B2BD2949012D /* Frameworks */,
			);
			sourceTree = "<group>";
		};
		200EE4851B1343A50087FB24 /* Products */ = {
			isa = PBXGroup;
			children = (
				200EE4841B1343A50087FB24 /* malaria-ios.app */,
				200EE4991B1343A60087FB24 /* malaria-iosTests.xctest */,
			);
			name = Products;
			sourceTree = "<group>";
		};
		200EE4861B1343A50087FB24 /* malaria-ios */ = {
			isa = PBXGroup;
			children = (
				200C72181B40368600998100 /* Endpoints */,
				200C722D1B40368600998100 /* Information */,
				200C72311B40368600998100 /* Managers */,
				200C723E1B40368600998100 /* NSManagedObjects */,
				200C725C1B40368600998100 /* SupportingFiles */,
				200C72681B40368600998100 /* ViewControllers */,
				200EE4891B1343A50087FB24 /* AppDelegate.swift */,
				200EE48D1B1343A50087FB24 /* Main.storyboard */,
				200EE4921B1343A50087FB24 /* LaunchScreen.xib */,
				200EE4AE1B1349D40087FB24 /* ImagesAssets.xcassets */,
				20EA06D41B2234DA00D6840E /* Model.xcdatamodeld */,
				200C71FF1B40348C00998100 /* bridging_header.h */,
				200C730E1B40370500998100 /* Info.plist */,
			);
			path = "malaria-ios";
			sourceTree = "<group>";
		};
		200EE49C1B1343A60087FB24 /* malaria-iosTests */ = {
			isa = PBXGroup;
			children = (
				200C73421B40392A00998100 /* ApiExamples */,
				200EE49D1B1343A60087FB24 /* Supporting Files */,
				208FE0871B42F1A400C5F447 /* TestMedicineManager.swift */,
				200EE49F1B1343A60087FB24 /* TestUserSettings.swift */,
				20EA07061B23258900D6840E /* TestNSDateExtensions.swift */,
				20EA07081B237D4900D6840E /* TestMedicineRegistries.swift */,
				20EA070A1B2394EB00D6840E /* TestDailyMedicineStatistics.swift */,
				20C20FEE1B39D828007A7414 /* TestWeeklyMedicineStatistics.swift */,
				20EA070C1B23AD9F00D6840E /* TestNotifications.swift */,
				20EE2E451B28AC7900948240 /* TestTimedInsertions.swift */,
				20E6DC3A1B38B53C0003B777 /* TestPlanTrip.swift */,
				20503CD21B3F497200ED490A /* TestMapping.swift */,
				20F9945C1B3F649F00925FA1 /* TestSyncManager.swift */,
				20246D181B4F1FAC00384759 /* TestContexts.swift */,
			);
			path = "malaria-iosTests";
			sourceTree = "<group>";
		};
		200EE49D1B1343A60087FB24 /* Supporting Files */ = {
			isa = PBXGroup;
			children = (
				200EE49E1B1343A60087FB24 /* Info.plist */,
			);
			name = "Supporting Files";
			sourceTree = "<group>";
		};
		203F0B251B481CB900826E06 /* ValuePickers */ = {
			isa = PBXGroup;
			children = (
				200A18CA1B64F4FA00EC2A65 /* PickerProvider.swift */,
				200A18CC1B64F50500EC2A65 /* MedicinePickerView.swift */,
				200A18CE1B64F51300EC2A65 /* MedicinePickerViewTrip.swift */,
				200A18D01B64F52000EC2A65 /* TimePickerViewer.swift */,
				200A18D21B64F54D00EC2A65 /* PCLocationPickerViewer.swift */,
			);
			name = ValuePickers;
			sourceTree = "<group>";
		};
		206C0EA01B6ABF2D00772CB3 /* ExternalAutocomplete */ = {
			isa = PBXGroup;
			children = (
				206C0E9E1B6ABF2800772CB3 /* AutoCompleteTextField.swift */,
			);
			name = ExternalAutocomplete;
			sourceTree = "<group>";
		};
		2095B8531B5A4AD200119896 /* ExternalCVCalendar */ = {
			isa = PBXGroup;
			children = (
				2095B8391B5A4AD200119896 /* CVAuxiliaryView.swift */,
				2095B83A1B5A4AD200119896 /* CVCalendarContentViewController.swift */,
				2095B83B1B5A4AD200119896 /* CVCalendarDayView.swift */,
				2095B83C1B5A4AD200119896 /* CVCalendarDayViewControlCoordinator.swift */,
				2095B83D1B5A4AD200119896 /* CVCalendarManager.swift */,
				2095B83E1B5A4AD200119896 /* CVCalendarMenuView.swift */,
				2095B83F1B5A4AD200119896 /* CVCalendarMenuViewDelegate.swift */,
				2095B8401B5A4AD200119896 /* CVCalendarMonthContentViewController.swift */,
				2095B8411B5A4AD200119896 /* CVCalendarMonthView.swift */,
				2095B8421B5A4AD200119896 /* CVCalendarTouchController.swift */,
				2095B8431B5A4AD200119896 /* CVCalendarView.swift */,
				2095B8441B5A4AD200119896 /* CVCalendarViewAnimator.swift */,
				2095B8451B5A4AD200119896 /* CVCalendarViewAnimatorDelegate.swift */,
				2095B8461B5A4AD200119896 /* CVCalendarViewAppearance.swift */,
				2095B8471B5A4AD200119896 /* CVCalendarViewAppearanceDelegate.swift */,
				2095B8481B5A4AD200119896 /* CVCalendarViewDelegate.swift */,
				2095B8491B5A4AD200119896 /* CVCalendarViewPresentationMode.swift */,
				2095B84A1B5A4AD200119896 /* CVCalendarWeekContentViewController.swift */,
				2095B84B1B5A4AD200119896 /* CVCalendarWeekday.swift */,
				2095B84C1B5A4AD200119896 /* CVCalendarWeekView.swift */,
				2095B84D1B5A4AD200119896 /* CVDate.swift */,
				2095B84E1B5A4AD200119896 /* CVRange.swift */,
				2095B84F1B5A4AD200119896 /* CVScrollDirection.swift */,
				2095B8501B5A4AD200119896 /* CVSelectionType.swift */,
				2095B8511B5A4AD200119896 /* CVSet.swift */,
				2095B8521B5A4AD200119896 /* CVShape.swift */,
			);
			path = ExternalCVCalendar;
			sourceTree = "<group>";
		};
		2095B8701B5A4B8500119896 /* PillStats */ = {
			isa = PBXGroup;
			children = (
				200A18C21B64F48E00EC2A65 /* PillsStatsViewController.swift */,
				200A18C41B64F49A00EC2A65 /* MonthyViewController.swift */,
				200A18C81B64F4C400EC2A65 /* MonthAdherenceCell.swift */,
			);
			name = PillStats;
			sourceTree = "<group>";
		};
		C3160C97150C507D61AF9074 /* Pods */ = {
			isa = PBXGroup;
			children = (
				67AE5C8ADFA45BFBD2B8F09D /* Pods.debug.xcconfig */,
				A4DE863BDDB7DAB1E7ED688C /* Pods.release.xcconfig */,
			);
			name = Pods;
			sourceTree = "<group>";
		};
		C53F0C2A2C26B2BD2949012D /* Frameworks */ = {
			isa = PBXGroup;
			children = (
				BE51359F71142430EEFFC50A /* Pods.framework */,
			);
			name = Frameworks;
			sourceTree = "<group>";
		};
/* End PBXGroup section */

/* Begin PBXNativeTarget section */
		200EE4831B1343A50087FB24 /* malaria-ios */ = {
			isa = PBXNativeTarget;
			buildConfigurationList = 200EE4A31B1343A60087FB24 /* Build configuration list for PBXNativeTarget "malaria-ios" */;
			buildPhases = (
				AAA0F3003C4D5AF55F749680 /* Check Pods Manifest.lock */,
				200EE4801B1343A50087FB24 /* Sources */,
				200EE4811B1343A50087FB24 /* Frameworks */,
				200EE4821B1343A50087FB24 /* Resources */,
				0D9675A334F7BCCEE80D5913 /* Copy Pods Resources */,
				1DFC206682541934F004F48F /* Embed Pods Frameworks */,
			);
			buildRules = (
			);
			dependencies = (
			);
			name = "malaria-ios";
			productName = "malaria-ios";
			productReference = 200EE4841B1343A50087FB24 /* malaria-ios.app */;
			productType = "com.apple.product-type.application";
		};
		200EE4981B1343A60087FB24 /* malaria-iosTests */ = {
			isa = PBXNativeTarget;
			buildConfigurationList = 200EE4A61B1343A60087FB24 /* Build configuration list for PBXNativeTarget "malaria-iosTests" */;
			buildPhases = (
				F97D48DA2C13FA01AA2597A5 /* Check Pods Manifest.lock */,
				200EE4951B1343A60087FB24 /* Sources */,
				200EE4961B1343A60087FB24 /* Frameworks */,
				200EE4971B1343A60087FB24 /* Resources */,
				3A937F1C28D6D25205AE486A /* Copy Pods Resources */,
				752D60E0C6822B0161E4331C /* Embed Pods Frameworks */,
			);
			buildRules = (
			);
			dependencies = (
				200EE49B1B1343A60087FB24 /* PBXTargetDependency */,
			);
			name = "malaria-iosTests";
			productName = "malaria-iosTests";
			productReference = 200EE4991B1343A60087FB24 /* malaria-iosTests.xctest */;
			productType = "com.apple.product-type.bundle.unit-test";
		};
/* End PBXNativeTarget section */

/* Begin PBXProject section */
		200EE47C1B1343A50087FB24 /* Project object */ = {
			isa = PBXProject;
			attributes = {
				LastUpgradeCheck = 0630;
				ORGANIZATIONNAME = "Bruno Henriques";
				TargetAttributes = {
					200EE4831B1343A50087FB24 = {
						CreatedOnToolsVersion = 6.3.2;
						DevelopmentTeam = A9972S5PQC;
						SystemCapabilities = {
							com.apple.BackgroundModes = {
								enabled = 0;
							};
						};
					};
					200EE4981B1343A60087FB24 = {
						CreatedOnToolsVersion = 6.3.2;
						TestTargetID = 200EE4831B1343A50087FB24;
					};
				};
			};
			buildConfigurationList = 200EE47F1B1343A50087FB24 /* Build configuration list for PBXProject "malaria-ios" */;
			compatibilityVersion = "Xcode 3.2";
			developmentRegion = English;
			hasScannedForEncodings = 0;
			knownRegions = (
				en,
				Base,
			);
			mainGroup = 200EE47B1B1343A50087FB24;
			productRefGroup = 200EE4851B1343A50087FB24 /* Products */;
			projectDirPath = "";
			projectRoot = "";
			targets = (
				200EE4831B1343A50087FB24 /* malaria-ios */,
				200EE4981B1343A60087FB24 /* malaria-iosTests */,
			);
		};
/* End PBXProject section */

/* Begin PBXResourcesBuildPhase section */
		200EE4821B1343A50087FB24 /* Resources */ = {
			isa = PBXResourcesBuildPhase;
			buildActionMask = 2147483647;
			files = (
				200EE4AF1B1349D40087FB24 /* ImagesAssets.xcassets in Resources */,
				200EE48F1B1343A50087FB24 /* Main.storyboard in Resources */,
				200C73431B40392A00998100 /* ApiExamples in Resources */,
				200EE4941B1343A50087FB24 /* LaunchScreen.xib in Resources */,
				203A40921B66A7BE00FCE4EE /* Settings.bundle in Resources */,
				200C730F1B40370500998100 /* Info.plist in Resources */,
			);
			runOnlyForDeploymentPostprocessing = 0;
		};
		200EE4971B1343A60087FB24 /* Resources */ = {
			isa = PBXResourcesBuildPhase;
			buildActionMask = 2147483647;
			files = (
				200C73441B40392A00998100 /* ApiExamples in Resources */,
				200C73101B40370500998100 /* Info.plist in Resources */,
			);
			runOnlyForDeploymentPostprocessing = 0;
		};
/* End PBXResourcesBuildPhase section */

/* Begin PBXShellScriptBuildPhase section */
		0D9675A334F7BCCEE80D5913 /* Copy Pods Resources */ = {
			isa = PBXShellScriptBuildPhase;
			buildActionMask = 2147483647;
			files = (
			);
			inputPaths = (
			);
			name = "Copy Pods Resources";
			outputPaths = (
			);
			runOnlyForDeploymentPostprocessing = 0;
			shellPath = /bin/sh;
			shellScript = "\"${SRCROOT}/Pods/Target Support Files/Pods/Pods-resources.sh\"\n";
			showEnvVarsInLog = 0;
		};
		1DFC206682541934F004F48F /* Embed Pods Frameworks */ = {
			isa = PBXShellScriptBuildPhase;
			buildActionMask = 2147483647;
			files = (
			);
			inputPaths = (
			);
			name = "Embed Pods Frameworks";
			outputPaths = (
			);
			runOnlyForDeploymentPostprocessing = 0;
			shellPath = /bin/sh;
			shellScript = "\"${SRCROOT}/Pods/Target Support Files/Pods/Pods-frameworks.sh\"\n";
			showEnvVarsInLog = 0;
		};
		3A937F1C28D6D25205AE486A /* Copy Pods Resources */ = {
			isa = PBXShellScriptBuildPhase;
			buildActionMask = 2147483647;
			files = (
			);
			inputPaths = (
			);
			name = "Copy Pods Resources";
			outputPaths = (
			);
			runOnlyForDeploymentPostprocessing = 0;
			shellPath = /bin/sh;
			shellScript = "\"${SRCROOT}/Pods/Target Support Files/Pods/Pods-resources.sh\"\n";
			showEnvVarsInLog = 0;
		};
		752D60E0C6822B0161E4331C /* Embed Pods Frameworks */ = {
			isa = PBXShellScriptBuildPhase;
			buildActionMask = 2147483647;
			files = (
			);
			inputPaths = (
			);
			name = "Embed Pods Frameworks";
			outputPaths = (
			);
			runOnlyForDeploymentPostprocessing = 0;
			shellPath = /bin/sh;
			shellScript = "\"${SRCROOT}/Pods/Target Support Files/Pods/Pods-frameworks.sh\"\n";
			showEnvVarsInLog = 0;
		};
		AAA0F3003C4D5AF55F749680 /* Check Pods Manifest.lock */ = {
			isa = PBXShellScriptBuildPhase;
			buildActionMask = 2147483647;
			files = (
			);
			inputPaths = (
			);
			name = "Check Pods Manifest.lock";
			outputPaths = (
			);
			runOnlyForDeploymentPostprocessing = 0;
			shellPath = /bin/sh;
			shellScript = "diff \"${PODS_ROOT}/../Podfile.lock\" \"${PODS_ROOT}/Manifest.lock\" > /dev/null\nif [[ $? != 0 ]] ; then\n    cat << EOM\nerror: The sandbox is not in sync with the Podfile.lock. Run 'pod install' or update your CocoaPods installation.\nEOM\n    exit 1\nfi\n";
			showEnvVarsInLog = 0;
		};
		F97D48DA2C13FA01AA2597A5 /* Check Pods Manifest.lock */ = {
			isa = PBXShellScriptBuildPhase;
			buildActionMask = 2147483647;
			files = (
			);
			inputPaths = (
			);
			name = "Check Pods Manifest.lock";
			outputPaths = (
			);
			runOnlyForDeploymentPostprocessing = 0;
			shellPath = /bin/sh;
			shellScript = "diff \"${PODS_ROOT}/../Podfile.lock\" \"${PODS_ROOT}/Manifest.lock\" > /dev/null\nif [[ $? != 0 ]] ; then\n    cat << EOM\nerror: The sandbox is not in sync with the Podfile.lock. Run 'pod install' or update your CocoaPods installation.\nEOM\n    exit 1\nfi\n";
			showEnvVarsInLog = 0;
		};
/* End PBXShellScriptBuildPhase section */

/* Begin PBXSourcesBuildPhase section */
		200EE4801B1343A50087FB24 /* Sources */ = {
			isa = PBXSourcesBuildPhase;
			buildActionMask = 2147483647;
			files = (
				200A18C51B64F49A00EC2A65 /* MonthyViewController.swift in Sources */,
				2095B85F1B5A4AD200119896 /* CVCalendarViewAnimator.swift in Sources */,
				2095B8621B5A4AD200119896 /* CVCalendarViewAppearanceDelegate.swift in Sources */,
				2095B8691B5A4AD200119896 /* CVRange.swift in Sources */,
				200C72A21B40368600998100 /* MedicineStats.swift in Sources */,
				20246D151B4F1BA000384759 /* CoreDataManager.swift in Sources */,
				2095B86B1B5A4AD200119896 /* CVSelectionType.swift in Sources */,
				200A18D31B64F54D00EC2A65 /* PCLocationPickerViewer.swift in Sources */,
				200C72AE1B40368600998100 /* TripsManager.swift in Sources */,
				200C72A01B40368600998100 /* MedicineNotificationsManager.swift in Sources */,
				200A18C71B64F4B800EC2A65 /* CachedStatistics.swift in Sources */,
				200A18D51B64F55F00EC2A65 /* InfoHubViewController.swift in Sources */,
				200A18C91B64F4C400EC2A65 /* MonthAdherenceCell.swift in Sources */,
				200C727C1B40368600998100 /* Endpoint.swift in Sources */,
				200C72F21B40368600998100 /* NSManagedObject.swift in Sources */,
				200C72A81B40368600998100 /* SyncManager.swift in Sources */,
				200C73061B40368600998100 /* PagesManagerViewController.swift in Sources */,
				200F22231B628CAF00C29404 /* HorizontalGraphBar.swift in Sources */,
				200A18CF1B64F51300EC2A65 /* MedicinePickerViewTrip.swift in Sources */,
				2095B8671B5A4AD200119896 /* CVCalendarWeekView.swift in Sources */,
				200EE48A1B1343A50087FB24 /* AppDelegate.swift in Sources */,
				200E93FF1B5BC42300E6DAC7 /* CircleProgressView.swift in Sources */,
				200C72981B40368600998100 /* EndpointType.swift in Sources */,
				2095B8581B5A4AD200119896 /* CVCalendarManager.swift in Sources */,
				2095B8641B5A4AD200119896 /* CVCalendarViewPresentationMode.swift in Sources */,
				200C72AC1B40368600998100 /* TripNotificationsManager.swift in Sources */,
				200C72F01B40368600998100 /* NSDate.swift in Sources */,
				200C72EA1B40368600998100 /* CoreDataHelper.swift in Sources */,
				200C72D21B40368600998100 /* Post.swift in Sources */,
				200C72EE1B40368600998100 /* Int.swift in Sources */,
				200A18D11B64F52000EC2A65 /* TimePickerViewer.swift in Sources */,
				200C72A41B40368600998100 /* RegistriesManager.swift in Sources */,
				200F22191B623B8D00C29404 /* Globals.swift in Sources */,
				2095B8611B5A4AD200119896 /* CVCalendarViewAppearance.swift in Sources */,
				200C728A1B40368600998100 /* PostsEndpoint.swift in Sources */,
				200C72E81B40368600998100 /* TripExtension.swift in Sources */,
				2095B8591B5A4AD200119896 /* CVCalendarMenuView.swift in Sources */,
				200A18E31B64F61F00EC2A65 /* ListItemsViewController.swift in Sources */,
				2095B86C1B5A4AD200119896 /* CVSet.swift in Sources */,
				202E18431B5AFFB3007D5194 /* NSNotificationEvents.swift in Sources */,
				200C72D41B40368600998100 /* Posts.swift in Sources */,
				203F0B1C1B46EB9E00826E06 /* UIPickView.swift in Sources */,
				2095B8681B5A4AD200119896 /* CVDate.swift in Sources */,
				2095B85E1B5A4AD200119896 /* CVCalendarView.swift in Sources */,
				203F0B0F1B45B3B900826E06 /* TabbedBarController.swift in Sources */,
				2095B8551B5A4AD200119896 /* CVCalendarContentViewController.swift in Sources */,
				200C72B61B40368600998100 /* ItemExtension.swift in Sources */,
				2095B8631B5A4AD200119896 /* CVCalendarViewDelegate.swift in Sources */,
				200A18CB1B64F4FA00EC2A65 /* PickerProvider.swift in Sources */,
				20C13EE01B5F990300D66C00 /* UIView.swift in Sources */,
				200C72781B40368600998100 /* CollectionPostsEndpoint.swift in Sources */,
				2095B86A1B5A4AD200119896 /* CVScrollDirection.swift in Sources */,
				203F0B111B45B68800826E06 /* UIColor.swift in Sources */,
				200A18DB1B64F5C200EC2A65 /* DidTakePillsViewController.swift in Sources */,
				206C0E9F1B6ABF2800772CB3 /* AutoCompleteTextField.swift in Sources */,
				200A18CD1B64F50500EC2A65 /* MedicinePickerView.swift in Sources */,
				2095B85A1B5A4AD200119896 /* CVCalendarMenuViewDelegate.swift in Sources */,
				2095B85B1B5A4AD200119896 /* CVCalendarMonthContentViewController.swift in Sources */,
				2095B8651B5A4AD200119896 /* CVCalendarWeekContentViewController.swift in Sources */,
				200C72BC1B40368600998100 /* Registry.swift in Sources */,
				2095B8601B5A4AD200119896 /* CVCalendarViewAnimatorDelegate.swift in Sources */,
				200C72F41B40368600998100 /* NSSet.swift in Sources */,
				2095B8661B5A4AD200119896 /* CVCalendarWeekday.swift in Sources */,
				2095B8561B5A4AD200119896 /* CVCalendarDayView.swift in Sources */,
				200C72B81B40368600998100 /* Medicine.swift in Sources */,
				200A18EB1B64F6EA00EC2A65 /* UIStoryboard.swift in Sources */,
				200C72B41B40368600998100 /* Item.swift in Sources */,
				200A18DD1B64F5F300EC2A65 /* PlanTripViewController.swift in Sources */,
				200C72B01B40368600998100 /* UserSettingsManager.swift in Sources */,
				20C13EE61B5FA4DD00D66C00 /* UITabBarController.swift in Sources */,
				200C72F81B40368600998100 /* Logger.swift in Sources */,
				2095B85C1B5A4AD200119896 /* CVCalendarMonthView.swift in Sources */,
				200C72E61B40368600998100 /* Trip.swift in Sources */,
				200A18DF1B64F60200EC2A65 /* SetupScreenViewController.swift in Sources */,
				200C72BA1B40368600998100 /* MedicineExtension.swift in Sources */,
				200A18C31B64F48E00EC2A65 /* PillsStatsViewController.swift in Sources */,
				2095B86D1B5A4AD200119896 /* CVShape.swift in Sources */,
				200C72C21B40368600998100 /* CollectionPosts.swift in Sources */,
				20EA06DB1B2234DA00D6840E /* Model.xcdatamodeld in Sources */,
				200C72AA1B40368600998100 /* ItemsManager.swift in Sources */,
				2095B8541B5A4AD200119896 /* CVAuxiliaryView.swift in Sources */,
				200C729E1B40368600998100 /* MedicineManager.swift in Sources */,
				2095B85D1B5A4AD200119896 /* CVCalendarTouchController.swift in Sources */,
				200A18D91B64F5A300EC2A65 /* DailyStatsCells.swift in Sources */,
				2095B8571B5A4AD200119896 /* CVCalendarDayViewControlCoordinator.swift in Sources */,
				200C72A61B40368600998100 /* NotificationManager.swift in Sources */,
				200C72EC1B40368600998100 /* CoreDataStore.swift in Sources */,
				200A18E11B64F61000EC2A65 /* PostDetailedViewController.swift in Sources */,
				200A18D71B64F58F00EC2A65 /* DailyStatsTableViewController.swift in Sources */,
			);
			runOnlyForDeploymentPostprocessing = 0;
		};
		200EE4951B1343A60087FB24 /* Sources */ = {
			isa = PBXSourcesBuildPhase;
			buildActionMask = 2147483647;
			files = (
				20246D1F1B4F28BF00384759 /* TestNSDateExtensions.swift in Sources */,
				20246D1C1B4F278E00384759 /* TestDailyMedicineStatistics.swift in Sources */,
				20246D1E1B4F28BD00384759 /* TestUserSettings.swift in Sources */,
				20246D1D1B4F284000384759 /* TestWeeklyMedicineStatistics.swift in Sources */,
				200F22251B629C0A00C29404 /* TestSyncManager.swift in Sources */,
				20246D1B1B4F245300384759 /* TestMedicineRegistries.swift in Sources */,
				20246D191B4F1FAC00384759 /* TestContexts.swift in Sources */,
				20246D211B4F2C0D00384759 /* TestTimedInsertions.swift in Sources */,
				20246D161B4F1D3200384759 /* TestPlanTrip.swift in Sources */,
				20246D201B4F29F700384759 /* TestNotifications.swift in Sources */,
				20246D1A1B4F20C000384759 /* TestMedicineManager.swift in Sources */,
				200F22241B629C0A00C29404 /* TestMapping.swift in Sources */,
			);
			runOnlyForDeploymentPostprocessing = 0;
		};
/* End PBXSourcesBuildPhase section */

/* Begin PBXTargetDependency section */
		200EE49B1B1343A60087FB24 /* PBXTargetDependency */ = {
			isa = PBXTargetDependency;
			target = 200EE4831B1343A50087FB24 /* malaria-ios */;
			targetProxy = 200EE49A1B1343A60087FB24 /* PBXContainerItemProxy */;
		};
/* End PBXTargetDependency section */

/* Begin PBXVariantGroup section */
		200EE48D1B1343A50087FB24 /* Main.storyboard */ = {
			isa = PBXVariantGroup;
			children = (
				200EE48E1B1343A50087FB24 /* Base */,
			);
			name = Main.storyboard;
			sourceTree = "<group>";
		};
		200EE4921B1343A50087FB24 /* LaunchScreen.xib */ = {
			isa = PBXVariantGroup;
			children = (
				200EE4931B1343A50087FB24 /* Base */,
			);
			name = LaunchScreen.xib;
			sourceTree = "<group>";
		};
/* End PBXVariantGroup section */

/* Begin XCBuildConfiguration section */
		200EE4A11B1343A60087FB24 /* Debug */ = {
			isa = XCBuildConfiguration;
			buildSettings = {
				ALWAYS_SEARCH_USER_PATHS = NO;
				CLANG_CXX_LANGUAGE_STANDARD = "gnu++0x";
				CLANG_CXX_LIBRARY = "libc++";
				CLANG_ENABLE_MODULES = YES;
				CLANG_ENABLE_OBJC_ARC = YES;
				CLANG_WARN_BOOL_CONVERSION = YES;
				CLANG_WARN_CONSTANT_CONVERSION = YES;
				CLANG_WARN_DIRECT_OBJC_ISA_USAGE = YES_ERROR;
				CLANG_WARN_EMPTY_BODY = YES;
				CLANG_WARN_ENUM_CONVERSION = YES;
				CLANG_WARN_INT_CONVERSION = YES;
				CLANG_WARN_OBJC_ROOT_CLASS = YES_ERROR;
				CLANG_WARN_UNREACHABLE_CODE = YES;
				CLANG_WARN__DUPLICATE_METHOD_MATCH = YES;
				"CODE_SIGN_IDENTITY[sdk=iphoneos*]" = "iPhone Developer";
				COPY_PHASE_STRIP = NO;
				DEBUG_INFORMATION_FORMAT = "dwarf-with-dsym";
				ENABLE_STRICT_OBJC_MSGSEND = YES;
				GCC_C_LANGUAGE_STANDARD = gnu99;
				GCC_DYNAMIC_NO_PIC = NO;
				GCC_NO_COMMON_BLOCKS = YES;
				GCC_OPTIMIZATION_LEVEL = 0;
				GCC_PREPROCESSOR_DEFINITIONS = (
					"DEBUG=1",
					"$(inherited)",
				);
				GCC_SYMBOLS_PRIVATE_EXTERN = NO;
				GCC_WARN_64_TO_32_BIT_CONVERSION = YES;
				GCC_WARN_ABOUT_RETURN_TYPE = YES_ERROR;
				GCC_WARN_UNDECLARED_SELECTOR = YES;
				GCC_WARN_UNINITIALIZED_AUTOS = YES_AGGRESSIVE;
				GCC_WARN_UNUSED_FUNCTION = YES;
				GCC_WARN_UNUSED_VARIABLE = YES;
				IPHONEOS_DEPLOYMENT_TARGET = 8.3;
				MTL_ENABLE_DEBUG_INFO = YES;
				ONLY_ACTIVE_ARCH = YES;
				SDKROOT = iphoneos;
				SWIFT_OBJC_BRIDGING_HEADER = "$(SRCROOT)/malaria-ios/bridging_header.h";
				SWIFT_OPTIMIZATION_LEVEL = "-Onone";
				TARGETED_DEVICE_FAMILY = "1,2";
			};
			name = Debug;
		};
		200EE4A21B1343A60087FB24 /* Release */ = {
			isa = XCBuildConfiguration;
			buildSettings = {
				ALWAYS_SEARCH_USER_PATHS = NO;
				CLANG_CXX_LANGUAGE_STANDARD = "gnu++0x";
				CLANG_CXX_LIBRARY = "libc++";
				CLANG_ENABLE_MODULES = YES;
				CLANG_ENABLE_OBJC_ARC = YES;
				CLANG_WARN_BOOL_CONVERSION = YES;
				CLANG_WARN_CONSTANT_CONVERSION = YES;
				CLANG_WARN_DIRECT_OBJC_ISA_USAGE = YES_ERROR;
				CLANG_WARN_EMPTY_BODY = YES;
				CLANG_WARN_ENUM_CONVERSION = YES;
				CLANG_WARN_INT_CONVERSION = YES;
				CLANG_WARN_OBJC_ROOT_CLASS = YES_ERROR;
				CLANG_WARN_UNREACHABLE_CODE = YES;
				CLANG_WARN__DUPLICATE_METHOD_MATCH = YES;
				"CODE_SIGN_IDENTITY[sdk=iphoneos*]" = "iPhone Developer";
				COPY_PHASE_STRIP = NO;
				DEBUG_INFORMATION_FORMAT = "dwarf-with-dsym";
				ENABLE_NS_ASSERTIONS = NO;
				ENABLE_STRICT_OBJC_MSGSEND = YES;
				GCC_C_LANGUAGE_STANDARD = gnu99;
				GCC_NO_COMMON_BLOCKS = YES;
				GCC_WARN_64_TO_32_BIT_CONVERSION = YES;
				GCC_WARN_ABOUT_RETURN_TYPE = YES_ERROR;
				GCC_WARN_UNDECLARED_SELECTOR = YES;
				GCC_WARN_UNINITIALIZED_AUTOS = YES_AGGRESSIVE;
				GCC_WARN_UNUSED_FUNCTION = YES;
				GCC_WARN_UNUSED_VARIABLE = YES;
				IPHONEOS_DEPLOYMENT_TARGET = 8.3;
				MTL_ENABLE_DEBUG_INFO = NO;
				SDKROOT = iphoneos;
				SWIFT_OBJC_BRIDGING_HEADER = "$(SRCROOT)/malaria-ios/bridging_header.h";
				TARGETED_DEVICE_FAMILY = "1,2";
				VALIDATE_PRODUCT = YES;
			};
			name = Release;
		};
		200EE4A41B1343A60087FB24 /* Debug */ = {
			isa = XCBuildConfiguration;
			baseConfigurationReference = 67AE5C8ADFA45BFBD2B8F09D /* Pods.debug.xcconfig */;
			buildSettings = {
				ASSETCATALOG_COMPILER_APPICON_NAME = AppIcon;
				ASSETCATALOG_COMPILER_LAUNCHIMAGE_NAME = LaunchImage;
				CODE_SIGN_IDENTITY = "iPhone Developer";
				INFOPLIST_FILE = "malaria-ios/Info.plist";
				IPHONEOS_DEPLOYMENT_TARGET = 8.0;
				LD_RUNPATH_SEARCH_PATHS = "$(inherited) @executable_path/Frameworks";
				PRODUCT_NAME = "$(TARGET_NAME)";
				SWIFT_OBJC_BRIDGING_HEADER = "$(SRCROOT)/$(PROJECT_NAME)/bridging_header.h";
				TARGETED_DEVICE_FAMILY = 1;
			};
			name = Debug;
		};
		200EE4A51B1343A60087FB24 /* Release */ = {
			isa = XCBuildConfiguration;
			baseConfigurationReference = A4DE863BDDB7DAB1E7ED688C /* Pods.release.xcconfig */;
			buildSettings = {
				ASSETCATALOG_COMPILER_APPICON_NAME = AppIcon;
				ASSETCATALOG_COMPILER_LAUNCHIMAGE_NAME = LaunchImage;
				CODE_SIGN_IDENTITY = "iPhone Developer";
				INFOPLIST_FILE = "malaria-ios/Info.plist";
				IPHONEOS_DEPLOYMENT_TARGET = 8.0;
				LD_RUNPATH_SEARCH_PATHS = "$(inherited) @executable_path/Frameworks";
				PRODUCT_NAME = "$(TARGET_NAME)";
				SWIFT_OBJC_BRIDGING_HEADER = "$(SRCROOT)/$(PROJECT_NAME)/bridging_header.h";
				TARGETED_DEVICE_FAMILY = 1;
			};
			name = Release;
		};
		200EE4A71B1343A60087FB24 /* Debug */ = {
			isa = XCBuildConfiguration;
			baseConfigurationReference = 67AE5C8ADFA45BFBD2B8F09D /* Pods.debug.xcconfig */;
			buildSettings = {
				BUNDLE_LOADER = "$(TEST_HOST)";
				FRAMEWORK_SEARCH_PATHS = (
					"$(SDKROOT)/Developer/Library/Frameworks",
					"$(inherited)",
				);
				GCC_PREPROCESSOR_DEFINITIONS = (
					"DEBUG=1",
					"$(inherited)",
				);
				INFOPLIST_FILE = "malaria-iosTests/Info.plist";
				LD_RUNPATH_SEARCH_PATHS = "$(inherited) @executable_path/Frameworks @loader_path/Frameworks";
				PRODUCT_NAME = "$(TARGET_NAME)";
				SWIFT_OBJC_BRIDGING_HEADER = "$(SRCROOT)/$(PROJECT_NAME)/bridging_header.h";
				TEST_HOST = "$(BUILT_PRODUCTS_DIR)/malaria-ios.app/malaria-ios";
			};
			name = Debug;
		};
		200EE4A81B1343A60087FB24 /* Release */ = {
			isa = XCBuildConfiguration;
			baseConfigurationReference = A4DE863BDDB7DAB1E7ED688C /* Pods.release.xcconfig */;
			buildSettings = {
				BUNDLE_LOADER = "$(TEST_HOST)";
				FRAMEWORK_SEARCH_PATHS = (
					"$(SDKROOT)/Developer/Library/Frameworks",
					"$(inherited)",
				);
				INFOPLIST_FILE = "malaria-iosTests/Info.plist";
				LD_RUNPATH_SEARCH_PATHS = "$(inherited) @executable_path/Frameworks @loader_path/Frameworks";
				PRODUCT_NAME = "$(TARGET_NAME)";
				SWIFT_OBJC_BRIDGING_HEADER = "$(SRCROOT)/$(PROJECT_NAME)/bridging_header.h";
				TEST_HOST = "$(BUILT_PRODUCTS_DIR)/malaria-ios.app/malaria-ios";
			};
			name = Release;
		};
/* End XCBuildConfiguration section */

/* Begin XCConfigurationList section */
		200EE47F1B1343A50087FB24 /* Build configuration list for PBXProject "malaria-ios" */ = {
			isa = XCConfigurationList;
			buildConfigurations = (
				200EE4A11B1343A60087FB24 /* Debug */,
				200EE4A21B1343A60087FB24 /* Release */,
			);
			defaultConfigurationIsVisible = 0;
			defaultConfigurationName = Release;
		};
		200EE4A31B1343A60087FB24 /* Build configuration list for PBXNativeTarget "malaria-ios" */ = {
			isa = XCConfigurationList;
			buildConfigurations = (
				200EE4A41B1343A60087FB24 /* Debug */,
				200EE4A51B1343A60087FB24 /* Release */,
			);
			defaultConfigurationIsVisible = 0;
			defaultConfigurationName = Release;
		};
		200EE4A61B1343A60087FB24 /* Build configuration list for PBXNativeTarget "malaria-iosTests" */ = {
			isa = XCConfigurationList;
			buildConfigurations = (
				200EE4A71B1343A60087FB24 /* Debug */,
				200EE4A81B1343A60087FB24 /* Release */,
			);
			defaultConfigurationIsVisible = 0;
			defaultConfigurationName = Release;
		};
/* End XCConfigurationList section */

/* Begin XCVersionGroup section */
		20EA06D41B2234DA00D6840E /* Model.xcdatamodeld */ = {
			isa = XCVersionGroup;
			children = (
				20ABA5AF1B697DFA00F18F39 /* Model7.xcdatamodel */,
				200F22171B6234F700C29404 /* Model6.xcdatamodel */,
				20C13EDE1B5E561F00D66C00 /* ModelV5Cached.xcdatamodel */,
				20246D2B1B53339900384759 /* Modelv4.xcdatamodel */,
				20246D251B5327BD00384759 /* Model 3.xcdatamodel */,
				20246D241B53241F00384759 /* Model 2.xcdatamodel */,
				20EA06D51B2234DA00D6840E /* Model.xcdatamodel */,
			);
			currentVersion = 20ABA5AF1B697DFA00F18F39 /* Model7.xcdatamodel */;
			path = Model.xcdatamodeld;
			sourceTree = "<group>";
			versionGroupType = wrapper.xcdatamodel;
		};
/* End XCVersionGroup section */
	};
	rootObject = 200EE47C1B1343A50087FB24 /* Project object */;
}
