// !$*UTF8*$!
{
	archiveVersion = 1;
	classes = {
	};
	objectVersion = 46;
	objects = {

/* Begin PBXBuildFile section */
		D1BE3E58193F85AE007E692D /* Foundation.framework in Frameworks */ = {isa = PBXBuildFile; fileRef = D1BE3E57193F85AE007E692D /* Foundation.framework */; };
		D1BE3E5A193F85AE007E692D /* CoreGraphics.framework in Frameworks */ = {isa = PBXBuildFile; fileRef = D1BE3E59193F85AE007E692D /* CoreGraphics.framework */; };
		D1BE3E5C193F85AE007E692D /* UIKit.framework in Frameworks */ = {isa = PBXBuildFile; fileRef = D1BE3E5B193F85AE007E692D /* UIKit.framework */; };
		D1BE3E62193F85AE007E692D /* InfoPlist.strings in Resources */ = {isa = PBXBuildFile; fileRef = D1BE3E60193F85AE007E692D /* InfoPlist.strings */; };
		D1BE3E64193F85AE007E692D /* main.m in Sources */ = {isa = PBXBuildFile; fileRef = D1BE3E63193F85AE007E692D /* main.m */; };
		D1BE3E68193F85AE007E692D /* PCMAppDelegate.m in Sources */ = {isa = PBXBuildFile; fileRef = D1BE3E67193F85AE007E692D /* PCMAppDelegate.m */; };
		D1BE3E6A193F85AE007E692D /* Images.xcassets in Resources */ = {isa = PBXBuildFile; fileRef = D1BE3E69193F85AE007E692D /* Images.xcassets */; };
		D1BE3E71193F85AE007E692D /* XCTest.framework in Frameworks */ = {isa = PBXBuildFile; fileRef = D1BE3E70193F85AE007E692D /* XCTest.framework */; };
		D1BE3E72193F85AE007E692D /* Foundation.framework in Frameworks */ = {isa = PBXBuildFile; fileRef = D1BE3E57193F85AE007E692D /* Foundation.framework */; };
		D1BE3E73193F85AE007E692D /* UIKit.framework in Frameworks */ = {isa = PBXBuildFile; fileRef = D1BE3E5B193F85AE007E692D /* UIKit.framework */; };
		D1BE3E7B193F85AE007E692D /* InfoPlist.strings in Resources */ = {isa = PBXBuildFile; fileRef = D1BE3E79193F85AE007E692D /* InfoPlist.strings */; };
		D1BE3E7D193F85AE007E692D /* MalariaiOSAppTests.m in Sources */ = {isa = PBXBuildFile; fileRef = D1BE3E7C193F85AE007E692D /* MalariaiOSAppTests.m */; };
/* End PBXBuildFile section */

/* Begin PBXContainerItemProxy section */
		D1BE3E74193F85AE007E692D /* PBXContainerItemProxy */ = {
			isa = PBXContainerItemProxy;
			containerPortal = D1BE3E4C193F85AE007E692D /* Project object */;
			proxyType = 1;
			remoteGlobalIDString = D1BE3E53193F85AE007E692D;
			remoteInfo = MalariaiOSApp;
		};
/* End PBXContainerItemProxy section */

/* Begin PBXFileReference section */
		D1BE3E54193F85AE007E692D /* MalariaiOSApp.app */ = {isa = PBXFileReference; explicitFileType = wrapper.application; includeInIndex = 0; path = MalariaiOSApp.app; sourceTree = BUILT_PRODUCTS_DIR; };
		D1BE3E57193F85AE007E692D /* Foundation.framework */ = {isa = PBXFileReference; lastKnownFileType = wrapper.framework; name = Foundation.framework; path = System/Library/Frameworks/Foundation.framework; sourceTree = SDKROOT; };
		D1BE3E59193F85AE007E692D /* CoreGraphics.framework */ = {isa = PBXFileReference; lastKnownFileType = wrapper.framework; name = CoreGraphics.framework; path = System/Library/Frameworks/CoreGraphics.framework; sourceTree = SDKROOT; };
		D1BE3E5B193F85AE007E692D /* UIKit.framework */ = {isa = PBXFileReference; lastKnownFileType = wrapper.framework; name = UIKit.framework; path = System/Library/Frameworks/UIKit.framework; sourceTree = SDKROOT; };
		D1BE3E5F193F85AE007E692D /* MalariaiOSApp-Info.plist */ = {isa = PBXFileReference; lastKnownFileType = text.plist.xml; path = "MalariaiOSApp-Info.plist"; sourceTree = "<group>"; };
		D1BE3E61193F85AE007E692D /* en */ = {isa = PBXFileReference; lastKnownFileType = text.plist.strings; name = en; path = en.lproj/InfoPlist.strings; sourceTree = "<group>"; };
		D1BE3E63193F85AE007E692D /* main.m */ = {isa = PBXFileReference; lastKnownFileType = sourcecode.c.objc; path = main.m; sourceTree = "<group>"; };
		D1BE3E65193F85AE007E692D /* MalariaiOSApp-Prefix.pch */ = {isa = PBXFileReference; lastKnownFileType = sourcecode.c.h; path = "MalariaiOSApp-Prefix.pch"; sourceTree = "<group>"; };
		D1BE3E66193F85AE007E692D /* PCMAppDelegate.h */ = {isa = PBXFileReference; lastKnownFileType = sourcecode.c.h; path = PCMAppDelegate.h; sourceTree = "<group>"; };
		D1BE3E67193F85AE007E692D /* PCMAppDelegate.m */ = {isa = PBXFileReference; lastKnownFileType = sourcecode.c.objc; path = PCMAppDelegate.m; sourceTree = "<group>"; };
		D1BE3E69193F85AE007E692D /* Images.xcassets */ = {isa = PBXFileReference; lastKnownFileType = folder.assetcatalog; path = Images.xcassets; sourceTree = "<group>"; };
		D1BE3E6F193F85AE007E692D /* MalariaiOSAppTests.xctest */ = {isa = PBXFileReference; explicitFileType = wrapper.cfbundle; includeInIndex = 0; path = MalariaiOSAppTests.xctest; sourceTree = BUILT_PRODUCTS_DIR; };
		D1BE3E70193F85AE007E692D /* XCTest.framework */ = {isa = PBXFileReference; lastKnownFileType = wrapper.framework; name = XCTest.framework; path = Library/Frameworks/XCTest.framework; sourceTree = DEVELOPER_DIR; };
		D1BE3E78193F85AE007E692D /* MalariaiOSAppTests-Info.plist */ = {isa = PBXFileReference; lastKnownFileType = text.plist.xml; path = "MalariaiOSAppTests-Info.plist"; sourceTree = "<group>"; };
		D1BE3E7A193F85AE007E692D /* en */ = {isa = PBXFileReference; lastKnownFileType = text.plist.strings; name = en; path = en.lproj/InfoPlist.strings; sourceTree = "<group>"; };
		D1BE3E7C193F85AE007E692D /* MalariaiOSAppTests.m */ = {isa = PBXFileReference; lastKnownFileType = sourcecode.c.objc; path = MalariaiOSAppTests.m; sourceTree = "<group>"; };
/* End PBXFileReference section */

/* Begin PBXFrameworksBuildPhase section */
		D1BE3E51193F85AE007E692D /* Frameworks */ = {
			isa = PBXFrameworksBuildPhase;
			buildActionMask = 2147483647;
			files = (
				D1BE3E5A193F85AE007E692D /* CoreGraphics.framework in Frameworks */,
				D1BE3E5C193F85AE007E692D /* UIKit.framework in Frameworks */,
				D1BE3E58193F85AE007E692D /* Foundation.framework in Frameworks */,
			);
			runOnlyForDeploymentPostprocessing = 0;
		};
		D1BE3E6C193F85AE007E692D /* Frameworks */ = {
			isa = PBXFrameworksBuildPhase;
			buildActionMask = 2147483647;
			files = (
				D1BE3E71193F85AE007E692D /* XCTest.framework in Frameworks */,
				D1BE3E73193F85AE007E692D /* UIKit.framework in Frameworks */,
				D1BE3E72193F85AE007E692D /* Foundation.framework in Frameworks */,
			);
			runOnlyForDeploymentPostprocessing = 0;
		};
/* End PBXFrameworksBuildPhase section */

/* Begin PBXGroup section */
		D1BE3E4B193F85AE007E692D = {
			isa = PBXGroup;
			children = (
				D1BE3E5D193F85AE007E692D /* MalariaiOSApp */,
				D1BE3E76193F85AE007E692D /* MalariaiOSAppTests */,
				D1BE3E56193F85AE007E692D /* Frameworks */,
				D1BE3E55193F85AE007E692D /* Products */,
			);
			sourceTree = "<group>";
		};
		D1BE3E55193F85AE007E692D /* Products */ = {
			isa = PBXGroup;
			children = (
				D1BE3E54193F85AE007E692D /* MalariaiOSApp.app */,
				D1BE3E6F193F85AE007E692D /* MalariaiOSAppTests.xctest */,
			);
			name = Products;
			sourceTree = "<group>";
		};
		D1BE3E56193F85AE007E692D /* Frameworks */ = {
			isa = PBXGroup;
			children = (
				D1BE3E57193F85AE007E692D /* Foundation.framework */,
				D1BE3E59193F85AE007E692D /* CoreGraphics.framework */,
				D1BE3E5B193F85AE007E692D /* UIKit.framework */,
				D1BE3E70193F85AE007E692D /* XCTest.framework */,
			);
			name = Frameworks;
			sourceTree = "<group>";
		};
		D1BE3E5D193F85AE007E692D /* MalariaiOSApp */ = {
			isa = PBXGroup;
			children = (
				D1BE3E66193F85AE007E692D /* PCMAppDelegate.h */,
				D1BE3E67193F85AE007E692D /* PCMAppDelegate.m */,
				D1BE3E69193F85AE007E692D /* Images.xcassets */,
				D1BE3E5E193F85AE007E692D /* Supporting Files */,
			);
			path = MalariaiOSApp;
			sourceTree = "<group>";
		};
		D1BE3E5E193F85AE007E692D /* Supporting Files */ = {
			isa = PBXGroup;
			children = (
				D1BE3E5F193F85AE007E692D /* MalariaiOSApp-Info.plist */,
				D1BE3E60193F85AE007E692D /* InfoPlist.strings */,
				D1BE3E63193F85AE007E692D /* main.m */,
				D1BE3E65193F85AE007E692D /* MalariaiOSApp-Prefix.pch */,
			);
			name = "Supporting Files";
			sourceTree = "<group>";
		};
		D1BE3E76193F85AE007E692D /* MalariaiOSAppTests */ = {
			isa = PBXGroup;
			children = (
				D1BE3E7C193F85AE007E692D /* MalariaiOSAppTests.m */,
				D1BE3E77193F85AE007E692D /* Supporting Files */,
			);
			path = MalariaiOSAppTests;
			sourceTree = "<group>";
		};
		D1BE3E77193F85AE007E692D /* Supporting Files */ = {
			isa = PBXGroup;
			children = (
				D1BE3E78193F85AE007E692D /* MalariaiOSAppTests-Info.plist */,
				D1BE3E79193F85AE007E692D /* InfoPlist.strings */,
			);
			name = "Supporting Files";
			sourceTree = "<group>";
		};
/* End PBXGroup section */

/* Begin PBXNativeTarget section */
		D1BE3E53193F85AE007E692D /* MalariaiOSApp */ = {
			isa = PBXNativeTarget;
			buildConfigurationList = D1BE3E80193F85AE007E692D /* Build configuration list for PBXNativeTarget "MalariaiOSApp" */;
			buildPhases = (
				D1BE3E50193F85AE007E692D /* Sources */,
				D1BE3E51193F85AE007E692D /* Frameworks */,
				D1BE3E52193F85AE007E692D /* Resources */,
			);
			buildRules = (
			);
			dependencies = (
			);
			name = MalariaiOSApp;
			productName = MalariaiOSApp;
			productReference = D1BE3E54193F85AE007E692D /* MalariaiOSApp.app */;
			productType = "com.apple.product-type.application";
		};
		D1BE3E6E193F85AE007E692D /* MalariaiOSAppTests */ = {
			isa = PBXNativeTarget;
			buildConfigurationList = D1BE3E83193F85AE007E692D /* Build configuration list for PBXNativeTarget "MalariaiOSAppTests" */;
			buildPhases = (
				D1BE3E6B193F85AE007E692D /* Sources */,
				D1BE3E6C193F85AE007E692D /* Frameworks */,
				D1BE3E6D193F85AE007E692D /* Resources */,
			);
			buildRules = (
			);
			dependencies = (
				D1BE3E75193F85AE007E692D /* PBXTargetDependency */,
			);
			name = MalariaiOSAppTests;
			productName = MalariaiOSAppTests;
			productReference = D1BE3E6F193F85AE007E692D /* MalariaiOSAppTests.xctest */;
			productType = "com.apple.product-type.bundle.unit-test";
		};
/* End PBXNativeTarget section */

/* Begin PBXProject section */
		D1BE3E4C193F85AE007E692D /* Project object */ = {
			isa = PBXProject;
			attributes = {
				CLASSPREFIX = PCM;
				LastUpgradeCheck = 0510;
				ORGANIZATIONNAME = "Shruti Gupta";
				TargetAttributes = {
					D1BE3E6E193F85AE007E692D = {
						TestTargetID = D1BE3E53193F85AE007E692D;
					};
				};
			};
			buildConfigurationList = D1BE3E4F193F85AE007E692D /* Build configuration list for PBXProject "MalariaiOSApp" */;
			compatibilityVersion = "Xcode 3.2";
			developmentRegion = English;
			hasScannedForEncodings = 0;
			knownRegions = (
				en,
			);
			mainGroup = D1BE3E4B193F85AE007E692D;
			productRefGroup = D1BE3E55193F85AE007E692D /* Products */;
			projectDirPath = "";
			projectRoot = "";
			targets = (
				D1BE3E53193F85AE007E692D /* MalariaiOSApp */,
				D1BE3E6E193F85AE007E692D /* MalariaiOSAppTests */,
			);
		};
/* End PBXProject section */

/* Begin PBXResourcesBuildPhase section */
		D1BE3E52193F85AE007E692D /* Resources */ = {
			isa = PBXResourcesBuildPhase;
			buildActionMask = 2147483647;
			files = (
				D1BE3E62193F85AE007E692D /* InfoPlist.strings in Resources */,
				D1BE3E6A193F85AE007E692D /* Images.xcassets in Resources */,
			);
			runOnlyForDeploymentPostprocessing = 0;
		};
		D1BE3E6D193F85AE007E692D /* Resources */ = {
			isa = PBXResourcesBuildPhase;
			buildActionMask = 2147483647;
			files = (
				D1BE3E7B193F85AE007E692D /* InfoPlist.strings in Resources */,
			);
			runOnlyForDeploymentPostprocessing = 0;
		};
/* End PBXResourcesBuildPhase section */

/* Begin PBXSourcesBuildPhase section */
		D1BE3E50193F85AE007E692D /* Sources */ = {
			isa = PBXSourcesBuildPhase;
			buildActionMask = 2147483647;
			files = (
				D1BE3E64193F85AE007E692D /* main.m in Sources */,
				D1BE3E68193F85AE007E692D /* PCMAppDelegate.m in Sources */,
			);
			runOnlyForDeploymentPostprocessing = 0;
		};
		D1BE3E6B193F85AE007E692D /* Sources */ = {
			isa = PBXSourcesBuildPhase;
			buildActionMask = 2147483647;
			files = (
				D1BE3E7D193F85AE007E692D /* MalariaiOSAppTests.m in Sources */,
			);
			runOnlyForDeploymentPostprocessing = 0;
		};
/* End PBXSourcesBuildPhase section */

/* Begin PBXTargetDependency section */
		D1BE3E75193F85AE007E692D /* PBXTargetDependency */ = {
			isa = PBXTargetDependency;
			target = D1BE3E53193F85AE007E692D /* MalariaiOSApp */;
			targetProxy = D1BE3E74193F85AE007E692D /* PBXContainerItemProxy */;
		};
/* End PBXTargetDependency section */

/* Begin PBXVariantGroup section */
		D1BE3E60193F85AE007E692D /* InfoPlist.strings */ = {
			isa = PBXVariantGroup;
			children = (
				D1BE3E61193F85AE007E692D /* en */,
			);
			name = InfoPlist.strings;
			sourceTree = "<group>";
		};
		D1BE3E79193F85AE007E692D /* InfoPlist.strings */ = {
			isa = PBXVariantGroup;
			children = (
				D1BE3E7A193F85AE007E692D /* en */,
			);
			name = InfoPlist.strings;
			sourceTree = "<group>";
		};
/* End PBXVariantGroup section */

/* Begin XCBuildConfiguration section */
		D1BE3E7E193F85AE007E692D /* Debug */ = {
			isa = XCBuildConfiguration;
			buildSettings = {
				ALWAYS_SEARCH_USER_PATHS = NO;
				CLANG_CXX_LANGUAGE_STANDARD = "gnu++0x";
				CLANG_CXX_LIBRARY = "libc++";
				CLANG_ENABLE_MODULES = YES;
				CLANG_ENABLE_OBJC_ARC = YES;
				CLANG_WARN_BOOL_CONVERSION = YES;
				CLANG_WARN_CONSTANT_CONVERSION = YES;
				CLANG_WARN_DIRECT_OBJC_ISA_USAGE = YES_ERROR;
				CLANG_WARN_EMPTY_BODY = YES;
				CLANG_WARN_ENUM_CONVERSION = YES;
				CLANG_WARN_INT_CONVERSION = YES;
				CLANG_WARN_OBJC_ROOT_CLASS = YES_ERROR;
				CLANG_WARN__DUPLICATE_METHOD_MATCH = YES;
				"CODE_SIGN_IDENTITY[sdk=iphoneos*]" = "iPhone Developer";
				COPY_PHASE_STRIP = NO;
				GCC_C_LANGUAGE_STANDARD = gnu99;
				GCC_DYNAMIC_NO_PIC = NO;
				GCC_OPTIMIZATION_LEVEL = 0;
				GCC_PREPROCESSOR_DEFINITIONS = (
					"DEBUG=1",
					"$(inherited)",
				);
				GCC_SYMBOLS_PRIVATE_EXTERN = NO;
				GCC_WARN_64_TO_32_BIT_CONVERSION = YES;
				GCC_WARN_ABOUT_RETURN_TYPE = YES_ERROR;
				GCC_WARN_UNDECLARED_SELECTOR = YES;
				GCC_WARN_UNINITIALIZED_AUTOS = YES_AGGRESSIVE;
				GCC_WARN_UNUSED_FUNCTION = YES;
				GCC_WARN_UNUSED_VARIABLE = YES;
				IPHONEOS_DEPLOYMENT_TARGET = 7.1;
				ONLY_ACTIVE_ARCH = YES;
				SDKROOT = iphoneos;
			};
			name = Debug;
		};
		D1BE3E7F193F85AE007E692D /* Release */ = {
			isa = XCBuildConfiguration;
			buildSettings = {
				ALWAYS_SEARCH_USER_PATHS = NO;
				CLANG_CXX_LANGUAGE_STANDARD = "gnu++0x";
				CLANG_CXX_LIBRARY = "libc++";
				CLANG_ENABLE_MODULES = YES;
				CLANG_ENABLE_OBJC_ARC = YES;
				CLANG_WARN_BOOL_CONVERSION = YES;
				CLANG_WARN_CONSTANT_CONVERSION = YES;
				CLANG_WARN_DIRECT_OBJC_ISA_USAGE = YES_ERROR;
				CLANG_WARN_EMPTY_BODY = YES;
				CLANG_WARN_ENUM_CONVERSION = YES;
				CLANG_WARN_INT_CONVERSION = YES;
				CLANG_WARN_OBJC_ROOT_CLASS = YES_ERROR;
				CLANG_WARN__DUPLICATE_METHOD_MATCH = YES;
				"CODE_SIGN_IDENTITY[sdk=iphoneos*]" = "iPhone Developer";
				COPY_PHASE_STRIP = YES;
				ENABLE_NS_ASSERTIONS = NO;
				GCC_C_LANGUAGE_STANDARD = gnu99;
				GCC_WARN_64_TO_32_BIT_CONVERSION = YES;
				GCC_WARN_ABOUT_RETURN_TYPE = YES_ERROR;
				GCC_WARN_UNDECLARED_SELECTOR = YES;
				GCC_WARN_UNINITIALIZED_AUTOS = YES_AGGRESSIVE;
				GCC_WARN_UNUSED_FUNCTION = YES;
				GCC_WARN_UNUSED_VARIABLE = YES;
				IPHONEOS_DEPLOYMENT_TARGET = 7.1;
				SDKROOT = iphoneos;
				VALIDATE_PRODUCT = YES;
			};
			name = Release;
		};
		D1BE3E81193F85AE007E692D /* Debug */ = {
			isa = XCBuildConfiguration;
			buildSettings = {
				ASSETCATALOG_COMPILER_APPICON_NAME = AppIcon;
				ASSETCATALOG_COMPILER_LAUNCHIMAGE_NAME = LaunchImage;
				GCC_PRECOMPILE_PREFIX_HEADER = YES;
				GCC_PREFIX_HEADER = "MalariaiOSApp/MalariaiOSApp-Prefix.pch";
				INFOPLIST_FILE = "MalariaiOSApp/MalariaiOSApp-Info.plist";
				PRODUCT_NAME = "$(TARGET_NAME)";
				WRAPPER_EXTENSION = app;
			};
			name = Debug;
		};
		D1BE3E82193F85AE007E692D /* Release */ = {
			isa = XCBuildConfiguration;
			buildSettings = {
				ASSETCATALOG_COMPILER_APPICON_NAME = AppIcon;
				ASSETCATALOG_COMPILER_LAUNCHIMAGE_NAME = LaunchImage;
				GCC_PRECOMPILE_PREFIX_HEADER = YES;
				GCC_PREFIX_HEADER = "MalariaiOSApp/MalariaiOSApp-Prefix.pch";
				INFOPLIST_FILE = "MalariaiOSApp/MalariaiOSApp-Info.plist";
				PRODUCT_NAME = "$(TARGET_NAME)";
				WRAPPER_EXTENSION = app;
			};
			name = Release;
		};
		D1BE3E84193F85AE007E692D /* Debug */ = {
			isa = XCBuildConfiguration;
			buildSettings = {
				BUNDLE_LOADER = "$(BUILT_PRODUCTS_DIR)/MalariaiOSApp.app/MalariaiOSApp";
				FRAMEWORK_SEARCH_PATHS = (
					"$(SDKROOT)/Developer/Library/Frameworks",
					"$(inherited)",
					"$(DEVELOPER_FRAMEWORKS_DIR)",
				);
				GCC_PRECOMPILE_PREFIX_HEADER = YES;
				GCC_PREFIX_HEADER = "MalariaiOSApp/MalariaiOSApp-Prefix.pch";
				GCC_PREPROCESSOR_DEFINITIONS = (
					"DEBUG=1",
					"$(inherited)",
				);
				INFOPLIST_FILE = "MalariaiOSAppTests/MalariaiOSAppTests-Info.plist";
				PRODUCT_NAME = "$(TARGET_NAME)";
				TEST_HOST = "$(BUNDLE_LOADER)";
				WRAPPER_EXTENSION = xctest;
			};
			name = Debug;
		};
		D1BE3E85193F85AE007E692D /* Release */ = {
			isa = XCBuildConfiguration;
			buildSettings = {
				BUNDLE_LOADER = "$(BUILT_PRODUCTS_DIR)/MalariaiOSApp.app/MalariaiOSApp";
				FRAMEWORK_SEARCH_PATHS = (
					"$(SDKROOT)/Developer/Library/Frameworks",
					"$(inherited)",
					"$(DEVELOPER_FRAMEWORKS_DIR)",
				);
				GCC_PRECOMPILE_PREFIX_HEADER = YES;
				GCC_PREFIX_HEADER = "MalariaiOSApp/MalariaiOSApp-Prefix.pch";
				INFOPLIST_FILE = "MalariaiOSAppTests/MalariaiOSAppTests-Info.plist";
				PRODUCT_NAME = "$(TARGET_NAME)";
				TEST_HOST = "$(BUNDLE_LOADER)";
				WRAPPER_EXTENSION = xctest;
			};
			name = Release;
		};
/* End XCBuildConfiguration section */

/* Begin XCConfigurationList section */
		D1BE3E4F193F85AE007E692D /* Build configuration list for PBXProject "MalariaiOSApp" */ = {
			isa = XCConfigurationList;
			buildConfigurations = (
				D1BE3E7E193F85AE007E692D /* Debug */,
				D1BE3E7F193F85AE007E692D /* Release */,
			);
			defaultConfigurationIsVisible = 0;
			defaultConfigurationName = Release;
		};
		D1BE3E80193F85AE007E692D /* Build configuration list for PBXNativeTarget "MalariaiOSApp" */ = {
			isa = XCConfigurationList;
			buildConfigurations = (
				D1BE3E81193F85AE007E692D /* Debug */,
				D1BE3E82193F85AE007E692D /* Release */,
			);
			defaultConfigurationIsVisible = 0;
		};
		D1BE3E83193F85AE007E692D /* Build configuration list for PBXNativeTarget "MalariaiOSAppTests" */ = {
			isa = XCConfigurationList;
			buildConfigurations = (
				D1BE3E84193F85AE007E692D /* Debug */,
				D1BE3E85193F85AE007E692D /* Release */,
			);
			defaultConfigurationIsVisible = 0;
		};
/* End XCConfigurationList section */
	};
	rootObject = D1BE3E4C193F85AE007E692D /* Project object */;
}
