// !$*UTF8*$!
{
	archiveVersion = 1;
	classes = {
	};
	objectVersion = 46;
	objects = {

/* Begin PBXBuildFile section */
		D129C56B19799493005B4D08 /* TRYAnalyticsScreenIIViewController.m in Sources */ = {isa = PBXBuildFile; fileRef = D129C56919799493005B4D08 /* TRYAnalyticsScreenIIViewController.m */; };
		D129C56C19799493005B4D08 /* TRYAnalyticsScreenIIViewController.xib in Resources */ = {isa = PBXBuildFile; fileRef = D129C56A19799493005B4D08 /* TRYAnalyticsScreenIIViewController.xib */; };
		D14A2C691992062400B5AC09 /* TRYInfoHubViewController.m in Sources */ = {isa = PBXBuildFile; fileRef = D14A2C671992062400B5AC09 /* TRYInfoHubViewController.m */; };
		D14A2C6A1992062400B5AC09 /* TRYInfoHubViewController.xib in Resources */ = {isa = PBXBuildFile; fileRef = D14A2C681992062400B5AC09 /* TRYInfoHubViewController.xib */; };
		D14A2C6D19920BED00B5AC09 /* info_hub_title.png in Resources */ = {isa = PBXBuildFile; fileRef = D14A2C6C19920BED00B5AC09 /* info_hub_title.png */; };
		D14A2C6F19920D4C00B5AC09 /* button_info_hub_peace_corps_policy.png in Resources */ = {isa = PBXBuildFile; fileRef = D14A2C6E19920D4C00B5AC09 /* button_info_hub_peace_corps_policy.png */; };
		D15369CD195950DE0033BC15 /* Foundation.framework in Frameworks */ = {isa = PBXBuildFile; fileRef = D15369CC195950DE0033BC15 /* Foundation.framework */; };
		D15369CF195950DE0033BC15 /* CoreGraphics.framework in Frameworks */ = {isa = PBXBuildFile; fileRef = D15369CE195950DE0033BC15 /* CoreGraphics.framework */; };
		D15369D1195950DE0033BC15 /* UIKit.framework in Frameworks */ = {isa = PBXBuildFile; fileRef = D15369D0195950DE0033BC15 /* UIKit.framework */; };
		D15369D3195950DE0033BC15 /* CoreData.framework in Frameworks */ = {isa = PBXBuildFile; fileRef = D15369D2195950DE0033BC15 /* CoreData.framework */; };
		D15369D9195950DE0033BC15 /* InfoPlist.strings in Resources */ = {isa = PBXBuildFile; fileRef = D15369D7195950DE0033BC15 /* InfoPlist.strings */; };
		D15369DB195950DE0033BC15 /* main.m in Sources */ = {isa = PBXBuildFile; fileRef = D15369DA195950DE0033BC15 /* main.m */; };
		D15369DF195950DE0033BC15 /* TRYAppDelegate.m in Sources */ = {isa = PBXBuildFile; fileRef = D15369DE195950DE0033BC15 /* TRYAppDelegate.m */; };
		D15369E2195950DE0033BC15 /* LoginTabbedApp.xcdatamodeld in Sources */ = {isa = PBXBuildFile; fileRef = D15369E0195950DE0033BC15 /* LoginTabbedApp.xcdatamodeld */; };
		D15369E4195950DE0033BC15 /* Images.xcassets in Resources */ = {isa = PBXBuildFile; fileRef = D15369E3195950DE0033BC15 /* Images.xcassets */; };
		D15369EB195950DE0033BC15 /* XCTest.framework in Frameworks */ = {isa = PBXBuildFile; fileRef = D15369EA195950DE0033BC15 /* XCTest.framework */; };
		D15369EC195950DE0033BC15 /* Foundation.framework in Frameworks */ = {isa = PBXBuildFile; fileRef = D15369CC195950DE0033BC15 /* Foundation.framework */; };
		D15369ED195950DE0033BC15 /* UIKit.framework in Frameworks */ = {isa = PBXBuildFile; fileRef = D15369D0195950DE0033BC15 /* UIKit.framework */; };
		D15369EE195950DE0033BC15 /* CoreData.framework in Frameworks */ = {isa = PBXBuildFile; fileRef = D15369D2195950DE0033BC15 /* CoreData.framework */; };
		D15369F6195950DE0033BC15 /* InfoPlist.strings in Resources */ = {isa = PBXBuildFile; fileRef = D15369F4195950DE0033BC15 /* InfoPlist.strings */; };
		D15369F8195950DE0033BC15 /* LoginTabbedAppTests.m in Sources */ = {isa = PBXBuildFile; fileRef = D15369F7195950DE0033BC15 /* LoginTabbedAppTests.m */; };
		D1536A041959511D0033BC15 /* TRYHomeViewController.m in Sources */ = {isa = PBXBuildFile; fileRef = D1536A021959511D0033BC15 /* TRYHomeViewController.m */; };
		D1536A051959511D0033BC15 /* TRYHomeViewController.xib in Resources */ = {isa = PBXBuildFile; fileRef = D1536A031959511D0033BC15 /* TRYHomeViewController.xib */; };
		D1536A16195ACC910033BC15 /* TRYPageViewController.m in Sources */ = {isa = PBXBuildFile; fileRef = D1536A14195ACC910033BC15 /* TRYPageViewController.m */; };
		D1536A17195ACC910033BC15 /* TRYPageViewController.xib in Resources */ = {isa = PBXBuildFile; fileRef = D1536A15195ACC910033BC15 /* TRYPageViewController.xib */; };
		D16A841D195D701600613D35 /* background.png in Resources */ = {isa = PBXBuildFile; fileRef = D16A8416195D701600613D35 /* background.png */; };
		D16A841E195D701600613D35 /* button_no.png in Resources */ = {isa = PBXBuildFile; fileRef = D16A8417195D701600613D35 /* button_no.png */; };
		D16A841F195D701600613D35 /* button_settings.png in Resources */ = {isa = PBXBuildFile; fileRef = D16A8418195D701600613D35 /* button_settings.png */; };
		D16A8420195D701600613D35 /* button_yes.png in Resources */ = {isa = PBXBuildFile; fileRef = D16A8419195D701600613D35 /* button_yes.png */; };
		D16A8421195D701600613D35 /* logo.png in Resources */ = {isa = PBXBuildFile; fileRef = D16A841A195D701600613D35 /* logo.png */; };
		D16A8422195D701600613D35 /* tab_home.png in Resources */ = {isa = PBXBuildFile; fileRef = D16A841B195D701600613D35 /* tab_home.png */; };
		D16A8423195D701600613D35 /* tab_infohub.png in Resources */ = {isa = PBXBuildFile; fileRef = D16A841C195D701600613D35 /* tab_infohub.png */; };
		D16A8426195D977D00613D35 /* medicine.png in Resources */ = {isa = PBXBuildFile; fileRef = D16A8425195D977D00613D35 /* medicine.png */; };
		D180DEC719921BA500F494BA /* TRYModel.m in Sources */ = {isa = PBXBuildFile; fileRef = D180DEC619921BA500F494BA /* TRYModel.m */; };
		D180DECA1992286200F494BA /* TRYItemStore.m in Sources */ = {isa = PBXBuildFile; fileRef = D180DEC91992286200F494BA /* TRYItemStore.m */; };
		D1C979DD195D6C30008B39B8 /* TRYSetupScreenViewController.m in Sources */ = {isa = PBXBuildFile; fileRef = D1C979DB195D6C30008B39B8 /* TRYSetupScreenViewController.m */; };
		D1C979DE195D6C30008B39B8 /* TRYSetupScreenViewController.xib in Resources */ = {isa = PBXBuildFile; fileRef = D1C979DC195D6C30008B39B8 /* TRYSetupScreenViewController.xib */; };
		D1CD752519782177008C4643 /* TRYAnalyticsIViewController.m in Sources */ = {isa = PBXBuildFile; fileRef = D1CD752319782177008C4643 /* TRYAnalyticsIViewController.m */; };
		D1CD752619782177008C4643 /* TRYAnalyticsIViewController.xib in Resources */ = {isa = PBXBuildFile; fileRef = D1CD752419782177008C4643 /* TRYAnalyticsIViewController.xib */; };
/* End PBXBuildFile section */

/* Begin PBXContainerItemProxy section */
		D15369EF195950DE0033BC15 /* PBXContainerItemProxy */ = {
			isa = PBXContainerItemProxy;
			containerPortal = D15369C1195950DE0033BC15 /* Project object */;
			proxyType = 1;
			remoteGlobalIDString = D15369C8195950DE0033BC15;
			remoteInfo = LoginTabbedApp;
		};
/* End PBXContainerItemProxy section */

/* Begin PBXFileReference section */
		D129C56819799493005B4D08 /* TRYAnalyticsScreenIIViewController.h */ = {isa = PBXFileReference; fileEncoding = 4; lastKnownFileType = sourcecode.c.h; path = TRYAnalyticsScreenIIViewController.h; sourceTree = "<group>"; };
		D129C56919799493005B4D08 /* TRYAnalyticsScreenIIViewController.m */ = {isa = PBXFileReference; fileEncoding = 4; lastKnownFileType = sourcecode.c.objc; path = TRYAnalyticsScreenIIViewController.m; sourceTree = "<group>"; };
		D129C56A19799493005B4D08 /* TRYAnalyticsScreenIIViewController.xib */ = {isa = PBXFileReference; fileEncoding = 4; lastKnownFileType = file.xib; path = TRYAnalyticsScreenIIViewController.xib; sourceTree = "<group>"; };
		D14A2C661992062400B5AC09 /* TRYInfoHubViewController.h */ = {isa = PBXFileReference; fileEncoding = 4; lastKnownFileType = sourcecode.c.h; path = TRYInfoHubViewController.h; sourceTree = "<group>"; };
		D14A2C671992062400B5AC09 /* TRYInfoHubViewController.m */ = {isa = PBXFileReference; fileEncoding = 4; lastKnownFileType = sourcecode.c.objc; path = TRYInfoHubViewController.m; sourceTree = "<group>"; };
		D14A2C681992062400B5AC09 /* TRYInfoHubViewController.xib */ = {isa = PBXFileReference; fileEncoding = 4; lastKnownFileType = file.xib; path = TRYInfoHubViewController.xib; sourceTree = "<group>"; };
		D14A2C6C19920BED00B5AC09 /* info_hub_title.png */ = {isa = PBXFileReference; lastKnownFileType = image.png; path = info_hub_title.png; sourceTree = "<group>"; };
		D14A2C6E19920D4C00B5AC09 /* button_info_hub_peace_corps_policy.png */ = {isa = PBXFileReference; lastKnownFileType = image.png; path = button_info_hub_peace_corps_policy.png; sourceTree = "<group>"; };
		D15369C9195950DE0033BC15 /* LoginTabbedApp.app */ = {isa = PBXFileReference; explicitFileType = wrapper.application; includeInIndex = 0; path = LoginTabbedApp.app; sourceTree = BUILT_PRODUCTS_DIR; };
		D15369CC195950DE0033BC15 /* Foundation.framework */ = {isa = PBXFileReference; lastKnownFileType = wrapper.framework; name = Foundation.framework; path = System/Library/Frameworks/Foundation.framework; sourceTree = SDKROOT; };
		D15369CE195950DE0033BC15 /* CoreGraphics.framework */ = {isa = PBXFileReference; lastKnownFileType = wrapper.framework; name = CoreGraphics.framework; path = System/Library/Frameworks/CoreGraphics.framework; sourceTree = SDKROOT; };
		D15369D0195950DE0033BC15 /* UIKit.framework */ = {isa = PBXFileReference; lastKnownFileType = wrapper.framework; name = UIKit.framework; path = System/Library/Frameworks/UIKit.framework; sourceTree = SDKROOT; };
		D15369D2195950DE0033BC15 /* CoreData.framework */ = {isa = PBXFileReference; lastKnownFileType = wrapper.framework; name = CoreData.framework; path = System/Library/Frameworks/CoreData.framework; sourceTree = SDKROOT; };
		D15369D6195950DE0033BC15 /* LoginTabbedApp-Info.plist */ = {isa = PBXFileReference; lastKnownFileType = text.plist.xml; path = "LoginTabbedApp-Info.plist"; sourceTree = "<group>"; };
		D15369D8195950DE0033BC15 /* en */ = {isa = PBXFileReference; lastKnownFileType = text.plist.strings; name = en; path = en.lproj/InfoPlist.strings; sourceTree = "<group>"; };
		D15369DA195950DE0033BC15 /* main.m */ = {isa = PBXFileReference; lastKnownFileType = sourcecode.c.objc; path = main.m; sourceTree = "<group>"; };
		D15369DC195950DE0033BC15 /* LoginTabbedApp-Prefix.pch */ = {isa = PBXFileReference; lastKnownFileType = sourcecode.c.h; path = "LoginTabbedApp-Prefix.pch"; sourceTree = "<group>"; };
		D15369DD195950DE0033BC15 /* TRYAppDelegate.h */ = {isa = PBXFileReference; lastKnownFileType = sourcecode.c.h; path = TRYAppDelegate.h; sourceTree = "<group>"; };
		D15369DE195950DE0033BC15 /* TRYAppDelegate.m */ = {isa = PBXFileReference; lastKnownFileType = sourcecode.c.objc; path = TRYAppDelegate.m; sourceTree = "<group>"; };
		D15369E1195950DE0033BC15 /* LoginTabbedApp.xcdatamodel */ = {isa = PBXFileReference; lastKnownFileType = wrapper.xcdatamodel; path = LoginTabbedApp.xcdatamodel; sourceTree = "<group>"; };
		D15369E3195950DE0033BC15 /* Images.xcassets */ = {isa = PBXFileReference; lastKnownFileType = folder.assetcatalog; path = Images.xcassets; sourceTree = "<group>"; };
		D15369E9195950DE0033BC15 /* LoginTabbedAppTests.xctest */ = {isa = PBXFileReference; explicitFileType = wrapper.cfbundle; includeInIndex = 0; path = LoginTabbedAppTests.xctest; sourceTree = BUILT_PRODUCTS_DIR; };
		D15369EA195950DE0033BC15 /* XCTest.framework */ = {isa = PBXFileReference; lastKnownFileType = wrapper.framework; name = XCTest.framework; path = Library/Frameworks/XCTest.framework; sourceTree = DEVELOPER_DIR; };
		D15369F3195950DE0033BC15 /* LoginTabbedAppTests-Info.plist */ = {isa = PBXFileReference; lastKnownFileType = text.plist.xml; path = "LoginTabbedAppTests-Info.plist"; sourceTree = "<group>"; };
		D15369F5195950DE0033BC15 /* en */ = {isa = PBXFileReference; lastKnownFileType = text.plist.strings; name = en; path = en.lproj/InfoPlist.strings; sourceTree = "<group>"; };
		D15369F7195950DE0033BC15 /* LoginTabbedAppTests.m */ = {isa = PBXFileReference; lastKnownFileType = sourcecode.c.objc; path = LoginTabbedAppTests.m; sourceTree = "<group>"; };
		D1536A011959511D0033BC15 /* TRYHomeViewController.h */ = {isa = PBXFileReference; fileEncoding = 4; lastKnownFileType = sourcecode.c.h; path = TRYHomeViewController.h; sourceTree = "<group>"; };
		D1536A021959511D0033BC15 /* TRYHomeViewController.m */ = {isa = PBXFileReference; fileEncoding = 4; lastKnownFileType = sourcecode.c.objc; path = TRYHomeViewController.m; sourceTree = "<group>"; };
		D1536A031959511D0033BC15 /* TRYHomeViewController.xib */ = {isa = PBXFileReference; fileEncoding = 4; lastKnownFileType = file.xib; path = TRYHomeViewController.xib; sourceTree = "<group>"; };
		D1536A13195ACC910033BC15 /* TRYPageViewController.h */ = {isa = PBXFileReference; fileEncoding = 4; lastKnownFileType = sourcecode.c.h; path = TRYPageViewController.h; sourceTree = "<group>"; };
		D1536A14195ACC910033BC15 /* TRYPageViewController.m */ = {isa = PBXFileReference; fileEncoding = 4; lastKnownFileType = sourcecode.c.objc; path = TRYPageViewController.m; sourceTree = "<group>"; };
		D1536A15195ACC910033BC15 /* TRYPageViewController.xib */ = {isa = PBXFileReference; fileEncoding = 4; lastKnownFileType = file.xib; path = TRYPageViewController.xib; sourceTree = "<group>"; };
		D16A8416195D701600613D35 /* background.png */ = {isa = PBXFileReference; lastKnownFileType = image.png; path = background.png; sourceTree = "<group>"; };
		D16A8417195D701600613D35 /* button_no.png */ = {isa = PBXFileReference; lastKnownFileType = image.png; path = button_no.png; sourceTree = "<group>"; };
		D16A8418195D701600613D35 /* button_settings.png */ = {isa = PBXFileReference; lastKnownFileType = image.png; path = button_settings.png; sourceTree = "<group>"; };
		D16A8419195D701600613D35 /* button_yes.png */ = {isa = PBXFileReference; lastKnownFileType = image.png; path = button_yes.png; sourceTree = "<group>"; };
		D16A841A195D701600613D35 /* logo.png */ = {isa = PBXFileReference; lastKnownFileType = image.png; path = logo.png; sourceTree = "<group>"; };
		D16A841B195D701600613D35 /* tab_home.png */ = {isa = PBXFileReference; lastKnownFileType = image.png; path = tab_home.png; sourceTree = "<group>"; };
		D16A841C195D701600613D35 /* tab_infohub.png */ = {isa = PBXFileReference; lastKnownFileType = image.png; path = tab_infohub.png; sourceTree = "<group>"; };
		D16A8425195D977D00613D35 /* medicine.png */ = {isa = PBXFileReference; lastKnownFileType = image.png; path = medicine.png; sourceTree = "<group>"; };
		D180DEC519921BA500F494BA /* TRYModel.h */ = {isa = PBXFileReference; fileEncoding = 4; lastKnownFileType = sourcecode.c.h; path = TRYModel.h; sourceTree = "<group>"; };
		D180DEC619921BA500F494BA /* TRYModel.m */ = {isa = PBXFileReference; fileEncoding = 4; lastKnownFileType = sourcecode.c.objc; path = TRYModel.m; sourceTree = "<group>"; };
		D180DEC81992286200F494BA /* TRYItemStore.h */ = {isa = PBXFileReference; fileEncoding = 4; lastKnownFileType = sourcecode.c.h; path = TRYItemStore.h; sourceTree = "<group>"; };
		D180DEC91992286200F494BA /* TRYItemStore.m */ = {isa = PBXFileReference; fileEncoding = 4; lastKnownFileType = sourcecode.c.objc; path = TRYItemStore.m; sourceTree = "<group>"; };
		D1C979DA195D6C30008B39B8 /* TRYSetupScreenViewController.h */ = {isa = PBXFileReference; fileEncoding = 4; lastKnownFileType = sourcecode.c.h; path = TRYSetupScreenViewController.h; sourceTree = "<group>"; };
		D1C979DB195D6C30008B39B8 /* TRYSetupScreenViewController.m */ = {isa = PBXFileReference; fileEncoding = 4; lastKnownFileType = sourcecode.c.objc; path = TRYSetupScreenViewController.m; sourceTree = "<group>"; };
		D1C979DC195D6C30008B39B8 /* TRYSetupScreenViewController.xib */ = {isa = PBXFileReference; fileEncoding = 4; lastKnownFileType = file.xib; path = TRYSetupScreenViewController.xib; sourceTree = "<group>"; };
		D1CD752219782177008C4643 /* TRYAnalyticsIViewController.h */ = {isa = PBXFileReference; fileEncoding = 4; lastKnownFileType = sourcecode.c.h; path = TRYAnalyticsIViewController.h; sourceTree = "<group>"; };
		D1CD752319782177008C4643 /* TRYAnalyticsIViewController.m */ = {isa = PBXFileReference; fileEncoding = 4; lastKnownFileType = sourcecode.c.objc; path = TRYAnalyticsIViewController.m; sourceTree = "<group>"; };
		D1CD752419782177008C4643 /* TRYAnalyticsIViewController.xib */ = {isa = PBXFileReference; fileEncoding = 4; lastKnownFileType = file.xib; path = TRYAnalyticsIViewController.xib; sourceTree = "<group>"; };
/* End PBXFileReference section */

/* Begin PBXFrameworksBuildPhase section */
		D15369C6195950DE0033BC15 /* Frameworks */ = {
			isa = PBXFrameworksBuildPhase;
			buildActionMask = 2147483647;
			files = (
				D15369CF195950DE0033BC15 /* CoreGraphics.framework in Frameworks */,
				D15369D3195950DE0033BC15 /* CoreData.framework in Frameworks */,
				D15369D1195950DE0033BC15 /* UIKit.framework in Frameworks */,
				D15369CD195950DE0033BC15 /* Foundation.framework in Frameworks */,
			);
			runOnlyForDeploymentPostprocessing = 0;
		};
		D15369E6195950DE0033BC15 /* Frameworks */ = {
			isa = PBXFrameworksBuildPhase;
			buildActionMask = 2147483647;
			files = (
				D15369EB195950DE0033BC15 /* XCTest.framework in Frameworks */,
				D15369EE195950DE0033BC15 /* CoreData.framework in Frameworks */,
				D15369ED195950DE0033BC15 /* UIKit.framework in Frameworks */,
				D15369EC195950DE0033BC15 /* Foundation.framework in Frameworks */,
			);
			runOnlyForDeploymentPostprocessing = 0;
		};
/* End PBXFrameworksBuildPhase section */

/* Begin PBXGroup section */
		D129C5661979622A005B4D08 /* Model */ = {
			isa = PBXGroup;
			children = (
				D180DEC519921BA500F494BA /* TRYModel.h */,
				D180DEC619921BA500F494BA /* TRYModel.m */,
			);
			name = Model;
			sourceTree = "<group>";
		};
		D129C56719799478005B4D08 /* Analytics Screen II */ = {
			isa = PBXGroup;
			children = (
				D129C56819799493005B4D08 /* TRYAnalyticsScreenIIViewController.h */,
				D129C56919799493005B4D08 /* TRYAnalyticsScreenIIViewController.m */,
				D129C56A19799493005B4D08 /* TRYAnalyticsScreenIIViewController.xib */,
			);
			name = "Analytics Screen II";
			sourceTree = "<group>";
		};
		D14A2C6B1992063E00B5AC09 /* Page Controller */ = {
			isa = PBXGroup;
			children = (
				D1536A13195ACC910033BC15 /* TRYPageViewController.h */,
				D1536A14195ACC910033BC15 /* TRYPageViewController.m */,
				D1536A15195ACC910033BC15 /* TRYPageViewController.xib */,
			);
			name = "Page Controller";
			sourceTree = "<group>";
		};
		D151E7F6195C91D30034CEF0 /* Tab1-Home */ = {
			isa = PBXGroup;
			children = (
				D1536A011959511D0033BC15 /* TRYHomeViewController.h */,
				D1536A021959511D0033BC15 /* TRYHomeViewController.m */,
				D1536A031959511D0033BC15 /* TRYHomeViewController.xib */,
			);
			name = "Tab1-Home";
			sourceTree = "<group>";
		};
		D151E7F7195C91E70034CEF0 /* SetUpScreen */ = {
			isa = PBXGroup;
			children = (
				D1C979DA195D6C30008B39B8 /* TRYSetupScreenViewController.h */,
				D1C979DB195D6C30008B39B8 /* TRYSetupScreenViewController.m */,
				D1C979DC195D6C30008B39B8 /* TRYSetupScreenViewController.xib */,
			);
			name = SetUpScreen;
			sourceTree = "<group>";
		};
		D151E7F8195C91FC0034CEF0 /* Tab2-InfoHub */ = {
			isa = PBXGroup;
			children = (
				D14A2C661992062400B5AC09 /* TRYInfoHubViewController.h */,
				D14A2C671992062400B5AC09 /* TRYInfoHubViewController.m */,
				D14A2C681992062400B5AC09 /* TRYInfoHubViewController.xib */,
			);
			name = "Tab2-InfoHub";
			sourceTree = "<group>";
		};
		D15369C0195950DE0033BC15 = {
			isa = PBXGroup;
			children = (
				D180DEC81992286200F494BA /* TRYItemStore.h */,
				D180DEC91992286200F494BA /* TRYItemStore.m */,
				D14A2C6B1992063E00B5AC09 /* Page Controller */,
				D129C56719799478005B4D08 /* Analytics Screen II */,
				D129C5661979622A005B4D08 /* Model */,
				D1CD752119782028008C4643 /* Analytics Screen I */,
				D16A8424195D93D400613D35 /* images */,
				D151E7F6195C91D30034CEF0 /* Tab1-Home */,
				D151E7F7195C91E70034CEF0 /* SetUpScreen */,
				D151E7F8195C91FC0034CEF0 /* Tab2-InfoHub */,
				D15369D4195950DE0033BC15 /* LoginTabbedApp */,
				D15369F1195950DE0033BC15 /* LoginTabbedAppTests */,
				D15369CB195950DE0033BC15 /* Frameworks */,
				D15369CA195950DE0033BC15 /* Products */,
			);
			sourceTree = "<group>";
		};
		D15369CA195950DE0033BC15 /* Products */ = {
			isa = PBXGroup;
			children = (
				D15369C9195950DE0033BC15 /* LoginTabbedApp.app */,
				D15369E9195950DE0033BC15 /* LoginTabbedAppTests.xctest */,
			);
			name = Products;
			sourceTree = "<group>";
		};
		D15369CB195950DE0033BC15 /* Frameworks */ = {
			isa = PBXGroup;
			children = (
				D15369CC195950DE0033BC15 /* Foundation.framework */,
				D15369CE195950DE0033BC15 /* CoreGraphics.framework */,
				D15369D0195950DE0033BC15 /* UIKit.framework */,
				D15369D2195950DE0033BC15 /* CoreData.framework */,
				D15369EA195950DE0033BC15 /* XCTest.framework */,
			);
			name = Frameworks;
			sourceTree = "<group>";
		};
		D15369D4195950DE0033BC15 /* LoginTabbedApp */ = {
			isa = PBXGroup;
			children = (
				D15369DD195950DE0033BC15 /* TRYAppDelegate.h */,
				D15369DE195950DE0033BC15 /* TRYAppDelegate.m */,
				D15369E3195950DE0033BC15 /* Images.xcassets */,
				D15369E0195950DE0033BC15 /* LoginTabbedApp.xcdatamodeld */,
				D15369D5195950DE0033BC15 /* Supporting Files */,
			);
			path = LoginTabbedApp;
			sourceTree = "<group>";
		};
		D15369D5195950DE0033BC15 /* Supporting Files */ = {
			isa = PBXGroup;
			children = (
				D15369D6195950DE0033BC15 /* LoginTabbedApp-Info.plist */,
				D15369D7195950DE0033BC15 /* InfoPlist.strings */,
				D15369DA195950DE0033BC15 /* main.m */,
				D15369DC195950DE0033BC15 /* LoginTabbedApp-Prefix.pch */,
			);
			name = "Supporting Files";
			sourceTree = "<group>";
		};
		D15369F1195950DE0033BC15 /* LoginTabbedAppTests */ = {
			isa = PBXGroup;
			children = (
				D15369F7195950DE0033BC15 /* LoginTabbedAppTests.m */,
				D15369F2195950DE0033BC15 /* Supporting Files */,
			);
			path = LoginTabbedAppTests;
			sourceTree = "<group>";
		};
		D15369F2195950DE0033BC15 /* Supporting Files */ = {
			isa = PBXGroup;
			children = (
				D15369F3195950DE0033BC15 /* LoginTabbedAppTests-Info.plist */,
				D15369F4195950DE0033BC15 /* InfoPlist.strings */,
			);
			name = "Supporting Files";
			sourceTree = "<group>";
		};
		D16A8424195D93D400613D35 /* images */ = {
			isa = PBXGroup;
			children = (
				D14A2C6E19920D4C00B5AC09 /* button_info_hub_peace_corps_policy.png */,
				D14A2C6C19920BED00B5AC09 /* info_hub_title.png */,
				D16A8425195D977D00613D35 /* medicine.png */,
				D16A8416195D701600613D35 /* background.png */,
				D16A8417195D701600613D35 /* button_no.png */,
				D16A8418195D701600613D35 /* button_settings.png */,
				D16A8419195D701600613D35 /* button_yes.png */,
				D16A841A195D701600613D35 /* logo.png */,
				D16A841B195D701600613D35 /* tab_home.png */,
				D16A841C195D701600613D35 /* tab_infohub.png */,
			);
			name = images;
			sourceTree = "<group>";
		};
		D1CD752119782028008C4643 /* Analytics Screen I */ = {
			isa = PBXGroup;
			children = (
				D1CD752219782177008C4643 /* TRYAnalyticsIViewController.h */,
				D1CD752319782177008C4643 /* TRYAnalyticsIViewController.m */,
				D1CD752419782177008C4643 /* TRYAnalyticsIViewController.xib */,
			);
			name = "Analytics Screen I";
			sourceTree = "<group>";
		};
/* End PBXGroup section */

/* Begin PBXNativeTarget section */
		D15369C8195950DE0033BC15 /* LoginTabbedApp */ = {
			isa = PBXNativeTarget;
			buildConfigurationList = D15369FB195950DE0033BC15 /* Build configuration list for PBXNativeTarget "LoginTabbedApp" */;
			buildPhases = (
				D15369C5195950DE0033BC15 /* Sources */,
				D15369C6195950DE0033BC15 /* Frameworks */,
				D15369C7195950DE0033BC15 /* Resources */,
			);
			buildRules = (
			);
			dependencies = (
			);
			name = LoginTabbedApp;
			productName = LoginTabbedApp;
			productReference = D15369C9195950DE0033BC15 /* LoginTabbedApp.app */;
			productType = "com.apple.product-type.application";
		};
		D15369E8195950DE0033BC15 /* LoginTabbedAppTests */ = {
			isa = PBXNativeTarget;
			buildConfigurationList = D15369FE195950DE0033BC15 /* Build configuration list for PBXNativeTarget "LoginTabbedAppTests" */;
			buildPhases = (
				D15369E5195950DE0033BC15 /* Sources */,
				D15369E6195950DE0033BC15 /* Frameworks */,
				D15369E7195950DE0033BC15 /* Resources */,
			);
			buildRules = (
			);
			dependencies = (
				D15369F0195950DE0033BC15 /* PBXTargetDependency */,
			);
			name = LoginTabbedAppTests;
			productName = LoginTabbedAppTests;
			productReference = D15369E9195950DE0033BC15 /* LoginTabbedAppTests.xctest */;
			productType = "com.apple.product-type.bundle.unit-test";
		};
/* End PBXNativeTarget section */

/* Begin PBXProject section */
		D15369C1195950DE0033BC15 /* Project object */ = {
			isa = PBXProject;
			attributes = {
				CLASSPREFIX = TRY;
				LastUpgradeCheck = 0510;
				ORGANIZATIONNAME = "Shruti Gupta";
				TargetAttributes = {
					D15369E8195950DE0033BC15 = {
						TestTargetID = D15369C8195950DE0033BC15;
					};
				};
			};
			buildConfigurationList = D15369C4195950DE0033BC15 /* Build configuration list for PBXProject "LoginTabbedApp" */;
			compatibilityVersion = "Xcode 3.2";
			developmentRegion = English;
			hasScannedForEncodings = 0;
			knownRegions = (
				en,
			);
			mainGroup = D15369C0195950DE0033BC15;
			productRefGroup = D15369CA195950DE0033BC15 /* Products */;
			projectDirPath = "";
			projectRoot = "";
			targets = (
				D15369C8195950DE0033BC15 /* LoginTabbedApp */,
				D15369E8195950DE0033BC15 /* LoginTabbedAppTests */,
			);
		};
/* End PBXProject section */

/* Begin PBXResourcesBuildPhase section */
		D15369C7195950DE0033BC15 /* Resources */ = {
			isa = PBXResourcesBuildPhase;
			buildActionMask = 2147483647;
			files = (
				D14A2C6D19920BED00B5AC09 /* info_hub_title.png in Resources */,
				D16A841E195D701600613D35 /* button_no.png in Resources */,
				D16A8423195D701600613D35 /* tab_infohub.png in Resources */,
				D1536A051959511D0033BC15 /* TRYHomeViewController.xib in Resources */,
				D16A8426195D977D00613D35 /* medicine.png in Resources */,
				D16A8421195D701600613D35 /* logo.png in Resources */,
				D15369D9195950DE0033BC15 /* InfoPlist.strings in Resources */,
				D14A2C6A1992062400B5AC09 /* TRYInfoHubViewController.xib in Resources */,
				D16A841D195D701600613D35 /* background.png in Resources */,
				D16A841F195D701600613D35 /* button_settings.png in Resources */,
				D16A8422195D701600613D35 /* tab_home.png in Resources */,
				D1536A17195ACC910033BC15 /* TRYPageViewController.xib in Resources */,
				D129C56C19799493005B4D08 /* TRYAnalyticsScreenIIViewController.xib in Resources */,
				D1C979DE195D6C30008B39B8 /* TRYSetupScreenViewController.xib in Resources */,
				D14A2C6F19920D4C00B5AC09 /* button_info_hub_peace_corps_policy.png in Resources */,
				D15369E4195950DE0033BC15 /* Images.xcassets in Resources */,
				D16A8420195D701600613D35 /* button_yes.png in Resources */,
				D1CD752619782177008C4643 /* TRYAnalyticsIViewController.xib in Resources */,
			);
			runOnlyForDeploymentPostprocessing = 0;
		};
		D15369E7195950DE0033BC15 /* Resources */ = {
			isa = PBXResourcesBuildPhase;
			buildActionMask = 2147483647;
			files = (
				D15369F6195950DE0033BC15 /* InfoPlist.strings in Resources */,
			);
			runOnlyForDeploymentPostprocessing = 0;
		};
/* End PBXResourcesBuildPhase section */

/* Begin PBXSourcesBuildPhase section */
		D15369C5195950DE0033BC15 /* Sources */ = {
			isa = PBXSourcesBuildPhase;
			buildActionMask = 2147483647;
			files = (
				D1C979DD195D6C30008B39B8 /* TRYSetupScreenViewController.m in Sources */,
				D15369E2195950DE0033BC15 /* LoginTabbedApp.xcdatamodeld in Sources */,
				D14A2C691992062400B5AC09 /* TRYInfoHubViewController.m in Sources */,
				D1536A041959511D0033BC15 /* TRYHomeViewController.m in Sources */,
				D1CD752519782177008C4643 /* TRYAnalyticsIViewController.m in Sources */,
				D180DECA1992286200F494BA /* TRYItemStore.m in Sources */,
				D1536A16195ACC910033BC15 /* TRYPageViewController.m in Sources */,
				D15369DF195950DE0033BC15 /* TRYAppDelegate.m in Sources */,
				D15369DB195950DE0033BC15 /* main.m in Sources */,
				D129C56B19799493005B4D08 /* TRYAnalyticsScreenIIViewController.m in Sources */,
				D180DEC719921BA500F494BA /* TRYModel.m in Sources */,
			);
			runOnlyForDeploymentPostprocessing = 0;
		};
		D15369E5195950DE0033BC15 /* Sources */ = {
			isa = PBXSourcesBuildPhase;
			buildActionMask = 2147483647;
			files = (
				D15369F8195950DE0033BC15 /* LoginTabbedAppTests.m in Sources */,
			);
			runOnlyForDeploymentPostprocessing = 0;
		};
/* End PBXSourcesBuildPhase section */

/* Begin PBXTargetDependency section */
		D15369F0195950DE0033BC15 /* PBXTargetDependency */ = {
			isa = PBXTargetDependency;
			target = D15369C8195950DE0033BC15 /* LoginTabbedApp */;
			targetProxy = D15369EF195950DE0033BC15 /* PBXContainerItemProxy */;
		};
/* End PBXTargetDependency section */

/* Begin PBXVariantGroup section */
		D15369D7195950DE0033BC15 /* InfoPlist.strings */ = {
			isa = PBXVariantGroup;
			children = (
				D15369D8195950DE0033BC15 /* en */,
			);
			name = InfoPlist.strings;
			sourceTree = "<group>";
		};
		D15369F4195950DE0033BC15 /* InfoPlist.strings */ = {
			isa = PBXVariantGroup;
			children = (
				D15369F5195950DE0033BC15 /* en */,
			);
			name = InfoPlist.strings;
			sourceTree = "<group>";
		};
/* End PBXVariantGroup section */

/* Begin XCBuildConfiguration section */
		D15369F9195950DE0033BC15 /* Debug */ = {
			isa = XCBuildConfiguration;
			buildSettings = {
				ALWAYS_SEARCH_USER_PATHS = NO;
				CLANG_CXX_LANGUAGE_STANDARD = "gnu++0x";
				CLANG_CXX_LIBRARY = "libc++";
				CLANG_ENABLE_MODULES = YES;
				CLANG_ENABLE_OBJC_ARC = YES;
				CLANG_WARN_BOOL_CONVERSION = YES;
				CLANG_WARN_CONSTANT_CONVERSION = YES;
				CLANG_WARN_DIRECT_OBJC_ISA_USAGE = YES_ERROR;
				CLANG_WARN_EMPTY_BODY = YES;
				CLANG_WARN_ENUM_CONVERSION = YES;
				CLANG_WARN_INT_CONVERSION = YES;
				CLANG_WARN_OBJC_ROOT_CLASS = YES_ERROR;
				CLANG_WARN__DUPLICATE_METHOD_MATCH = YES;
				"CODE_SIGN_IDENTITY[sdk=iphoneos*]" = "iPhone Developer";
				COPY_PHASE_STRIP = NO;
				GCC_C_LANGUAGE_STANDARD = gnu99;
				GCC_DYNAMIC_NO_PIC = NO;
				GCC_OPTIMIZATION_LEVEL = 0;
				GCC_PREPROCESSOR_DEFINITIONS = (
					"DEBUG=1",
					"$(inherited)",
				);
				GCC_SYMBOLS_PRIVATE_EXTERN = NO;
				GCC_WARN_64_TO_32_BIT_CONVERSION = YES;
				GCC_WARN_ABOUT_RETURN_TYPE = YES_ERROR;
				GCC_WARN_UNDECLARED_SELECTOR = YES;
				GCC_WARN_UNINITIALIZED_AUTOS = YES_AGGRESSIVE;
				GCC_WARN_UNUSED_FUNCTION = YES;
				GCC_WARN_UNUSED_VARIABLE = YES;
				IPHONEOS_DEPLOYMENT_TARGET = 7.1;
				ONLY_ACTIVE_ARCH = YES;
				SDKROOT = iphoneos;
			};
			name = Debug;
		};
		D15369FA195950DE0033BC15 /* Release */ = {
			isa = XCBuildConfiguration;
			buildSettings = {
				ALWAYS_SEARCH_USER_PATHS = NO;
				CLANG_CXX_LANGUAGE_STANDARD = "gnu++0x";
				CLANG_CXX_LIBRARY = "libc++";
				CLANG_ENABLE_MODULES = YES;
				CLANG_ENABLE_OBJC_ARC = YES;
				CLANG_WARN_BOOL_CONVERSION = YES;
				CLANG_WARN_CONSTANT_CONVERSION = YES;
				CLANG_WARN_DIRECT_OBJC_ISA_USAGE = YES_ERROR;
				CLANG_WARN_EMPTY_BODY = YES;
				CLANG_WARN_ENUM_CONVERSION = YES;
				CLANG_WARN_INT_CONVERSION = YES;
				CLANG_WARN_OBJC_ROOT_CLASS = YES_ERROR;
				CLANG_WARN__DUPLICATE_METHOD_MATCH = YES;
				"CODE_SIGN_IDENTITY[sdk=iphoneos*]" = "iPhone Developer";
				COPY_PHASE_STRIP = YES;
				ENABLE_NS_ASSERTIONS = NO;
				GCC_C_LANGUAGE_STANDARD = gnu99;
				GCC_WARN_64_TO_32_BIT_CONVERSION = YES;
				GCC_WARN_ABOUT_RETURN_TYPE = YES_ERROR;
				GCC_WARN_UNDECLARED_SELECTOR = YES;
				GCC_WARN_UNINITIALIZED_AUTOS = YES_AGGRESSIVE;
				GCC_WARN_UNUSED_FUNCTION = YES;
				GCC_WARN_UNUSED_VARIABLE = YES;
				IPHONEOS_DEPLOYMENT_TARGET = 7.1;
				SDKROOT = iphoneos;
				VALIDATE_PRODUCT = YES;
			};
			name = Release;
		};
		D15369FC195950DE0033BC15 /* Debug */ = {
			isa = XCBuildConfiguration;
			buildSettings = {
				ASSETCATALOG_COMPILER_APPICON_NAME = AppIcon;
				ASSETCATALOG_COMPILER_LAUNCHIMAGE_NAME = LaunchImage;
				GCC_PRECOMPILE_PREFIX_HEADER = YES;
				GCC_PREFIX_HEADER = "LoginTabbedApp/LoginTabbedApp-Prefix.pch";
				INFOPLIST_FILE = "LoginTabbedApp/LoginTabbedApp-Info.plist";
				PRODUCT_NAME = "$(TARGET_NAME)";
				WRAPPER_EXTENSION = app;
			};
			name = Debug;
		};
		D15369FD195950DE0033BC15 /* Release */ = {
			isa = XCBuildConfiguration;
			buildSettings = {
				ASSETCATALOG_COMPILER_APPICON_NAME = AppIcon;
				ASSETCATALOG_COMPILER_LAUNCHIMAGE_NAME = LaunchImage;
				GCC_PRECOMPILE_PREFIX_HEADER = YES;
				GCC_PREFIX_HEADER = "LoginTabbedApp/LoginTabbedApp-Prefix.pch";
				INFOPLIST_FILE = "LoginTabbedApp/LoginTabbedApp-Info.plist";
				PRODUCT_NAME = "$(TARGET_NAME)";
				WRAPPER_EXTENSION = app;
			};
			name = Release;
		};
		D15369FF195950DE0033BC15 /* Debug */ = {
			isa = XCBuildConfiguration;
			buildSettings = {
				BUNDLE_LOADER = "$(BUILT_PRODUCTS_DIR)/LoginTabbedApp.app/LoginTabbedApp";
				FRAMEWORK_SEARCH_PATHS = (
					"$(SDKROOT)/Developer/Library/Frameworks",
					"$(inherited)",
					"$(DEVELOPER_FRAMEWORKS_DIR)",
				);
				GCC_PRECOMPILE_PREFIX_HEADER = YES;
				GCC_PREFIX_HEADER = "LoginTabbedApp/LoginTabbedApp-Prefix.pch";
				GCC_PREPROCESSOR_DEFINITIONS = (
					"DEBUG=1",
					"$(inherited)",
				);
				INFOPLIST_FILE = "LoginTabbedAppTests/LoginTabbedAppTests-Info.plist";
				PRODUCT_NAME = "$(TARGET_NAME)";
				TEST_HOST = "$(BUNDLE_LOADER)";
				WRAPPER_EXTENSION = xctest;
			};
			name = Debug;
		};
		D1536A00195950DE0033BC15 /* Release */ = {
			isa = XCBuildConfiguration;
			buildSettings = {
				BUNDLE_LOADER = "$(BUILT_PRODUCTS_DIR)/LoginTabbedApp.app/LoginTabbedApp";
				FRAMEWORK_SEARCH_PATHS = (
					"$(SDKROOT)/Developer/Library/Frameworks",
					"$(inherited)",
					"$(DEVELOPER_FRAMEWORKS_DIR)",
				);
				GCC_PRECOMPILE_PREFIX_HEADER = YES;
				GCC_PREFIX_HEADER = "LoginTabbedApp/LoginTabbedApp-Prefix.pch";
				INFOPLIST_FILE = "LoginTabbedAppTests/LoginTabbedAppTests-Info.plist";
				PRODUCT_NAME = "$(TARGET_NAME)";
				TEST_HOST = "$(BUNDLE_LOADER)";
				WRAPPER_EXTENSION = xctest;
			};
			name = Release;
		};
/* End XCBuildConfiguration section */

/* Begin XCConfigurationList section */
		D15369C4195950DE0033BC15 /* Build configuration list for PBXProject "LoginTabbedApp" */ = {
			isa = XCConfigurationList;
			buildConfigurations = (
				D15369F9195950DE0033BC15 /* Debug */,
				D15369FA195950DE0033BC15 /* Release */,
			);
			defaultConfigurationIsVisible = 0;
			defaultConfigurationName = Release;
		};
		D15369FB195950DE0033BC15 /* Build configuration list for PBXNativeTarget "LoginTabbedApp" */ = {
			isa = XCConfigurationList;
			buildConfigurations = (
				D15369FC195950DE0033BC15 /* Debug */,
				D15369FD195950DE0033BC15 /* Release */,
			);
			defaultConfigurationIsVisible = 0;
			defaultConfigurationName = Release;
		};
		D15369FE195950DE0033BC15 /* Build configuration list for PBXNativeTarget "LoginTabbedAppTests" */ = {
			isa = XCConfigurationList;
			buildConfigurations = (
				D15369FF195950DE0033BC15 /* Debug */,
				D1536A00195950DE0033BC15 /* Release */,
			);
			defaultConfigurationIsVisible = 0;
			defaultConfigurationName = Release;
		};
/* End XCConfigurationList section */

/* Begin XCVersionGroup section */
		D15369E0195950DE0033BC15 /* LoginTabbedApp.xcdatamodeld */ = {
			isa = XCVersionGroup;
			children = (
				D15369E1195950DE0033BC15 /* LoginTabbedApp.xcdatamodel */,
			);
			currentVersion = D15369E1195950DE0033BC15 /* LoginTabbedApp.xcdatamodel */;
			path = LoginTabbedApp.xcdatamodeld;
			sourceTree = "<group>";
			versionGroupType = wrapper.xcdatamodel;
		};
/* End XCVersionGroup section */
	};
	rootObject = D15369C1195950DE0033BC15 /* Project object */;
}
